// !$*UTF8*$!
{
	archiveVersion = 1;
	classes = {
	};
	objectVersion = 52;
	objects = {

/* Begin PBXBuildFile section */
		24113A412371E11800AEDEAA /* Xipan.swift in Sources */ = {isa = PBXBuildFile; fileRef = 24D707E5229AB8B000F9D557 /* Xipan.swift */; };
		24113A422371E13E00AEDEAA /* TBDownloader.swift in Sources */ = {isa = PBXBuildFile; fileRef = 24B3CD0A22856FF30094B43E /* TBDownloader.swift */; };
		24113A432371E13E00AEDEAA /* TBParser.swift in Sources */ = {isa = PBXBuildFile; fileRef = 24B3CC9F228405480094B43E /* TBParser.swift */; };
		24113A442371E13E00AEDEAA /* TBPiplineSeat.swift in Sources */ = {isa = PBXBuildFile; fileRef = 24B3CA2E227FE87D0094B43E /* TBPiplineSeat.swift */; };
		24113A452371E13E00AEDEAA /* TBWebview.swift in Sources */ = {isa = PBXBuildFile; fileRef = 24E98025229B7F4F00EC6D96 /* TBWebview.swift */; };
		241317A7224B194000EBE853 /* TBPipline.swift in Sources */ = {isa = PBXBuildFile; fileRef = 241317A4224B194000EBE853 /* TBPipline.swift */; };
		241317AB224B19EB00EBE853 /* TBQueueItem.swift in Sources */ = {isa = PBXBuildFile; fileRef = 241317A8224B19EB00EBE853 /* TBQueueItem.swift */; };
		242C07352371E9B10037D3C2 /* WebShell.swift in Sources */ = {isa = PBXBuildFile; fileRef = 2749699120888113009A1E1B /* WebShell.swift */; };
		242C07362371E9B10037D3C2 /* Xipan.swift in Sources */ = {isa = PBXBuildFile; fileRef = 24D707E5229AB8B000F9D557 /* Xipan.swift */; };
		242C07372371E9B10037D3C2 /* XunNiu.swift in Sources */ = {isa = PBXBuildFile; fileRef = 24E60F0D21D65C50007AB419 /* XunNiu.swift */; };
		242C07382371E9B10037D3C2 /* V2File.swift in Sources */ = {isa = PBXBuildFile; fileRef = 240D326420F5B49E00AED3C4 /* V2File.swift */; };
		242C07392371E9B10037D3C2 /* Const.swift in Sources */ = {isa = PBXBuildFile; fileRef = 24F9C6CF20D8E17500E1F88D /* Const.swift */; };
		242C073A2371E9B10037D3C2 /* Yousuwp.swift in Sources */ = {isa = PBXBuildFile; fileRef = 24F9C6C920D8E05600E1F88D /* Yousuwp.swift */; };
		242C073B2371E9B10037D3C2 /* PCDownloadTask.swift in Sources */ = {isa = PBXBuildFile; fileRef = 2749698920886BBE009A1E1B /* PCDownloadTask.swift */; };
		242C073C2371E9B10037D3C2 /* PCDownloadManager.swift in Sources */ = {isa = PBXBuildFile; fileRef = 2749698B20886F9B009A1E1B /* PCDownloadManager.swift */; };
		242C073D2371E9B10037D3C2 /* PCWebRiffle.swift in Sources */ = {isa = PBXBuildFile; fileRef = 2749699520897CAB009A1E1B /* PCWebRiffle.swift */; };
		242C073E2371E9B10037D3C2 /* PCWebBullet.swift in Sources */ = {isa = PBXBuildFile; fileRef = 2749699E20899A60009A1E1B /* PCWebBullet.swift */; };
		242C073F2371E9B10037D3C2 /* ImageMaker.swift in Sources */ = {isa = PBXBuildFile; fileRef = 277C84342046A02200D7B2B1 /* ImageMaker.swift */; };
		242C07402371E9B10037D3C2 /* FileCoordinator.swift in Sources */ = {isa = PBXBuildFile; fileRef = 277C848F20479F3100D7B2B1 /* FileCoordinator.swift */; };
		242C07412371E9B10037D3C2 /* VerifyCodeView.swift in Sources */ = {isa = PBXBuildFile; fileRef = 27C9DBAD204105B000A87E9E /* VerifyCodeView.swift */; };
		242C07422371E9B10037D3C2 /* VerifyCodeViewController.swift in Sources */ = {isa = PBXBuildFile; fileRef = 27C9DBAF2041094500A87E9E /* VerifyCodeViewController.swift */; };
		242C07432371E9B10037D3C2 /* VerifyCodeViewController.xib in Resources */ = {isa = PBXBuildFile; fileRef = 27C9DBB320410F0900A87E9E /* VerifyCodeViewController.xib */; };
		242C07442371E9B10037D3C2 /* Ccchooo.swift in Sources */ = {isa = PBXBuildFile; fileRef = 27C9DBB520413F7300A87E9E /* Ccchooo.swift */; };
		242C07452371E9B10037D3C2 /* Feemoo.swift in Sources */ = {isa = PBXBuildFile; fileRef = 27E4C12E2037011E0003A38D /* Feemoo.swift */; };
		242C07462371E9B10037D3C2 /* Pan666.swift in Sources */ = {isa = PBXBuildFile; fileRef = 277BFBD5203EA876009EE51B /* Pan666.swift */; };
		242C07472371E9B10037D3C2 /* TBPipline.swift in Sources */ = {isa = PBXBuildFile; fileRef = 241317A4224B194000EBE853 /* TBPipline.swift */; };
		242C07482371E9B10037D3C2 /* TBQueueItem.swift in Sources */ = {isa = PBXBuildFile; fileRef = 241317A8224B19EB00EBE853 /* TBQueueItem.swift */; };
		242C07492371E9B10037D3C2 /* TBPiplineSeat.swift in Sources */ = {isa = PBXBuildFile; fileRef = 24B3CA2E227FE87D0094B43E /* TBPiplineSeat.swift */; };
		242C074A2371E9B10037D3C2 /* TBParser.swift in Sources */ = {isa = PBXBuildFile; fileRef = 24B3CC9F228405480094B43E /* TBParser.swift */; };
		242C074B2371E9B10037D3C2 /* TBDownloader.swift in Sources */ = {isa = PBXBuildFile; fileRef = 24B3CD0A22856FF30094B43E /* TBDownloader.swift */; };
		242C074C2371E9B10037D3C2 /* TBWebview.swift in Sources */ = {isa = PBXBuildFile; fileRef = 24E98025229B7F4F00EC6D96 /* TBWebview.swift */; };
		242C074E2371E9C20037D3C2 /* VCMLParser.swift in Sources */ = {isa = PBXBuildFile; fileRef = 277C8431204652F700D7B2B1 /* VCMLParser.swift */; };
		242C074F2371E9C70037D3C2 /* yousuwp.js in Resources */ = {isa = PBXBuildFile; fileRef = 24F9C6CC20D8E06100E1F88D /* yousuwp.js */; };
		242C07502371E9C70037D3C2 /* 666pan.js in Resources */ = {isa = PBXBuildFile; fileRef = 277BFBD7203EA974009EE51B /* 666pan.js */; };
		242C07512371E9C70037D3C2 /* feemoo.js in Resources */ = {isa = PBXBuildFile; fileRef = 27E4C130203703610003A38D /* feemoo.js */; };
		242C07522371E9C70037D3C2 /* ccchooo.js in Resources */ = {isa = PBXBuildFile; fileRef = 27448B592018387A001FC925 /* ccchooo.js */; };
		24B189E52378305500B31B36 /* BusPan.swift in Sources */ = {isa = PBXBuildFile; fileRef = 24B189E323782FC800B31B36 /* BusPan.swift */; };
		24B189E7237835A000B31B36 /* buspan.js in Resources */ = {isa = PBXBuildFile; fileRef = 24B189E6237835A000B31B36 /* buspan.js */; };
		24E60F1921D66181007AB419 /* WebShellCoreTests.swift in Sources */ = {isa = PBXBuildFile; fileRef = 24E60F1821D66181007AB419 /* WebShellCoreTests.swift */; };
		24E60F2121D66364007AB419 /* XunNiu.swift in Sources */ = {isa = PBXBuildFile; fileRef = 24E60F0D21D65C50007AB419 /* XunNiu.swift */; };
		24E60F2221D66364007AB419 /* V2File.swift in Sources */ = {isa = PBXBuildFile; fileRef = 240D326420F5B49E00AED3C4 /* V2File.swift */; };
		24E60F2321D66364007AB419 /* Yousuwp.swift in Sources */ = {isa = PBXBuildFile; fileRef = 24F9C6C920D8E05600E1F88D /* Yousuwp.swift */; };
		24E60F2421D66364007AB419 /* PCDownloadTask.swift in Sources */ = {isa = PBXBuildFile; fileRef = 2749698920886BBE009A1E1B /* PCDownloadTask.swift */; };
		24E60F2521D66364007AB419 /* WebShell.swift in Sources */ = {isa = PBXBuildFile; fileRef = 2749699120888113009A1E1B /* WebShell.swift */; };
		24E60F2621D66364007AB419 /* PCDownloadManager.swift in Sources */ = {isa = PBXBuildFile; fileRef = 2749698B20886F9B009A1E1B /* PCDownloadManager.swift */; };
		24E60F2721D66364007AB419 /* PCWebRiffle.swift in Sources */ = {isa = PBXBuildFile; fileRef = 2749699520897CAB009A1E1B /* PCWebRiffle.swift */; };
		24E60F2821D66364007AB419 /* PCWebBullet.swift in Sources */ = {isa = PBXBuildFile; fileRef = 2749699E20899A60009A1E1B /* PCWebBullet.swift */; };
		24E60F2921D66364007AB419 /* ImageMaker.swift in Sources */ = {isa = PBXBuildFile; fileRef = 277C84342046A02200D7B2B1 /* ImageMaker.swift */; };
		24E60F2A21D66364007AB419 /* VCMLParser.swift in Sources */ = {isa = PBXBuildFile; fileRef = 277C8431204652F700D7B2B1 /* VCMLParser.swift */; };
		24E60F2B21D66364007AB419 /* FileCoordinator.swift in Sources */ = {isa = PBXBuildFile; fileRef = 277C848F20479F3100D7B2B1 /* FileCoordinator.swift */; };
		24E60F2C21D66364007AB419 /* VerifyCodeView.swift in Sources */ = {isa = PBXBuildFile; fileRef = 27C9DBAD204105B000A87E9E /* VerifyCodeView.swift */; };
		24E60F2D21D66364007AB419 /* VerifyCodeViewController.swift in Sources */ = {isa = PBXBuildFile; fileRef = 27C9DBAF2041094500A87E9E /* VerifyCodeViewController.swift */; };
		24E60F2E21D66364007AB419 /* VerifyCodeViewController.xib in Resources */ = {isa = PBXBuildFile; fileRef = 27C9DBB320410F0900A87E9E /* VerifyCodeViewController.xib */; };
		24E60F2F21D66364007AB419 /* Ccchooo.swift in Sources */ = {isa = PBXBuildFile; fileRef = 27C9DBB520413F7300A87E9E /* Ccchooo.swift */; };
		24E60F3021D66364007AB419 /* yousuwp.js in Resources */ = {isa = PBXBuildFile; fileRef = 24F9C6CC20D8E06100E1F88D /* yousuwp.js */; };
		24E60F3121D66364007AB419 /* 666pan.js in Resources */ = {isa = PBXBuildFile; fileRef = 277BFBD7203EA974009EE51B /* 666pan.js */; };
		24E60F3221D66364007AB419 /* feemoo.js in Resources */ = {isa = PBXBuildFile; fileRef = 27E4C130203703610003A38D /* feemoo.js */; };
		24E60F3321D66364007AB419 /* ccchooo.js in Resources */ = {isa = PBXBuildFile; fileRef = 27448B592018387A001FC925 /* ccchooo.js */; };
		24E60F3421D66364007AB419 /* Feemoo.swift in Sources */ = {isa = PBXBuildFile; fileRef = 27E4C12E2037011E0003A38D /* Feemoo.swift */; };
		24E60F3521D66364007AB419 /* Pan666.swift in Sources */ = {isa = PBXBuildFile; fileRef = 277BFBD5203EA876009EE51B /* Pan666.swift */; };
		24E60F3921D66466007AB419 /* Const.swift in Sources */ = {isa = PBXBuildFile; fileRef = 24F9C6CF20D8E17500E1F88D /* Const.swift */; };
		27448B2720170ABA001FC925 /* AppDelegate.swift in Sources */ = {isa = PBXBuildFile; fileRef = 27448B2620170ABA001FC925 /* AppDelegate.swift */; };
		27448B2920170ABA001FC925 /* ViewController.swift in Sources */ = {isa = PBXBuildFile; fileRef = 27448B2820170ABA001FC925 /* ViewController.swift */; };
		27448B2B20170ABA001FC925 /* Assets.xcassets in Resources */ = {isa = PBXBuildFile; fileRef = 27448B2A20170ABA001FC925 /* Assets.xcassets */; };
		27448B2E20170ABA001FC925 /* Main.storyboard in Resources */ = {isa = PBXBuildFile; fileRef = 27448B2C20170ABA001FC925 /* Main.storyboard */; };
		5227B1F129D2D32000C57D92 /* Delay.swift in Sources */ = {isa = PBXBuildFile; fileRef = 5227B1E629D2D32000C57D92 /* Delay.swift */; };
		5227B1F229D2D32000C57D92 /* AnyCondom.swift in Sources */ = {isa = PBXBuildFile; fileRef = 5227B1E729D2D32000C57D92 /* AnyCondom.swift */; };
		5227B1F329D2D32000C57D92 /* SessionContext.swift in Sources */ = {isa = PBXBuildFile; fileRef = 5227B1E829D2D32000C57D92 /* SessionContext.swift */; };
		5227B1F429D2D32000C57D92 /* Condom.swift in Sources */ = {isa = PBXBuildFile; fileRef = 5227B1E929D2D32000C57D92 /* Condom.swift */; };
		5227B1F529D2D32000C57D92 /* Durex.swift in Sources */ = {isa = PBXBuildFile; fileRef = 5227B1EA29D2D32000C57D92 /* Durex.swift */; };
		5227B1F629D2D32000C57D92 /* Request.swift in Sources */ = {isa = PBXBuildFile; fileRef = 5227B1EB29D2D32000C57D92 /* Request.swift */; };
		5227B1F729D2D32000C57D92 /* AnyValue.swift in Sources */ = {isa = PBXBuildFile; fileRef = 5227B1EC29D2D32000C57D92 /* AnyValue.swift */; };
		5227B1F829D2D32000C57D92 /* DurexError.swift in Sources */ = {isa = PBXBuildFile; fileRef = 5227B1ED29D2D32000C57D92 /* DurexError.swift */; };
		5227B1F929D2D32000C57D92 /* AnyErase.swift in Sources */ = {isa = PBXBuildFile; fileRef = 5227B1EF29D2D32000C57D92 /* AnyErase.swift */; };
		5227B1FA29D2D32000C57D92 /* PublisherShirk.swift in Sources */ = {isa = PBXBuildFile; fileRef = 5227B1F029D2D32000C57D92 /* PublisherShirk.swift */; };
		6311FFC125AC50E100DC1566 /* String+URL.swift in Sources */ = {isa = PBXBuildFile; fileRef = 6311FFC025AC50E100DC1566 /* String+URL.swift */; };
		6311FFC225AC50E100DC1566 /* String+URL.swift in Sources */ = {isa = PBXBuildFile; fileRef = 6311FFC025AC50E100DC1566 /* String+URL.swift */; };
		6311FFCA25AC7BCB00DC1566 /* XFPan.swift in Sources */ = {isa = PBXBuildFile; fileRef = 6311FFC925AC7BCA00DC1566 /* XFPan.swift */; };
		6311FFCB25AC7BCB00DC1566 /* XFPan.swift in Sources */ = {isa = PBXBuildFile; fileRef = 6311FFC925AC7BCA00DC1566 /* XFPan.swift */; };
		631BEB4F244C52D4002243C4 /* KuYun.swift in Sources */ = {isa = PBXBuildFile; fileRef = 631BEB4D244C52AF002243C4 /* KuYun.swift */; };
		633B71F923CB10D700B70E1C /* ColorDx.swift in Sources */ = {isa = PBXBuildFile; fileRef = 633B71F723CB107C00B70E1C /* ColorDx.swift */; };
		633B71FA23CB1ADA00B70E1C /* ColorDx.swift in Sources */ = {isa = PBXBuildFile; fileRef = 633B71F723CB107C00B70E1C /* ColorDx.swift */; };
		635FEE0F25528D3500FEE0FD /* WebShell.framework in Frameworks */ = {isa = PBXBuildFile; fileRef = 242C07292371E94D0037D3C2 /* WebShell.framework */; };
		635FEE1025528D3500FEE0FD /* WebShell.framework in Embed Frameworks */ = {isa = PBXBuildFile; fileRef = 242C07292371E94D0037D3C2 /* WebShell.framework */; settings = {ATTRIBUTES = (CodeSignOnCopy, RemoveHeadersOnCopy, ); }; };
		6365CE3824A1CD49004120EF /* DownStreamDataTask.swift in Sources */ = {isa = PBXBuildFile; fileRef = 6365CE3624A1B02B004120EF /* DownStreamDataTask.swift */; };
		6365CE3924A1CD4E004120EF /* WebShellError.swift in Sources */ = {isa = PBXBuildFile; fileRef = 6365CE3424A1AD95004120EF /* WebShellError.swift */; };
		6365CE3A24A1CD56004120EF /* DownStreamDataTask.swift in Sources */ = {isa = PBXBuildFile; fileRef = 6365CE3624A1B02B004120EF /* DownStreamDataTask.swift */; };
		6365CE3B24A1CD59004120EF /* WebShellError.swift in Sources */ = {isa = PBXBuildFile; fileRef = 6365CE3424A1AD95004120EF /* WebShellError.swift */; };
		63B7AC1A2559276F00943A7B /* XueQiu.swift in Sources */ = {isa = PBXBuildFile; fileRef = 63B7AC192559276F00943A7B /* XueQiu.swift */; };
		63B7AC1B2559276F00943A7B /* XueQiu.swift in Sources */ = {isa = PBXBuildFile; fileRef = 63B7AC192559276F00943A7B /* XueQiu.swift */; };
		63FE01EA249CB97200E32599 /* SwiftSoup in Frameworks */ = {isa = PBXBuildFile; productRef = 63FE01E9249CB97200E32599 /* SwiftSoup */; };
/* End PBXBuildFile section */

/* Begin PBXContainerItemProxy section */
		24E60F3721D663F5007AB419 /* PBXContainerItemProxy */ = {
			isa = PBXContainerItemProxy;
			containerPortal = 27448B1B20170ABA001FC925 /* Project object */;
			proxyType = 1;
			remoteGlobalIDString = 27448B2220170ABA001FC925;
			remoteInfo = WebShellExsample;
		};
		635FEE1125528D3500FEE0FD /* PBXContainerItemProxy */ = {
			isa = PBXContainerItemProxy;
			containerPortal = 27448B1B20170ABA001FC925 /* Project object */;
			proxyType = 1;
			remoteGlobalIDString = 242C07282371E94D0037D3C2;
			remoteInfo = WebShell;
		};
/* End PBXContainerItemProxy section */

/* Begin PBXCopyFilesBuildPhase section */
		635FEE1325528D3500FEE0FD /* Embed Frameworks */ = {
			isa = PBXCopyFilesBuildPhase;
			buildActionMask = 2147483647;
			dstPath = "";
			dstSubfolderSpec = 10;
			files = (
				635FEE1025528D3500FEE0FD /* WebShell.framework in Embed Frameworks */,
			);
			name = "Embed Frameworks";
			runOnlyForDeploymentPostprocessing = 0;
		};
/* End PBXCopyFilesBuildPhase section */

/* Begin PBXFileReference section */
		240D326420F5B49E00AED3C4 /* V2File.swift */ = {isa = PBXFileReference; lastKnownFileType = sourcecode.swift; path = V2File.swift; sourceTree = "<group>"; };
		24113A3A2371D92D00AEDEAA /* Package.swift */ = {isa = PBXFileReference; lastKnownFileType = sourcecode.swift; path = Package.swift; sourceTree = "<group>"; };
		24113A3C2371D95C00AEDEAA /* README.md */ = {isa = PBXFileReference; fileEncoding = 4; lastKnownFileType = net.daringfireball.markdown; path = README.md; sourceTree = "<group>"; };
		241317A4224B194000EBE853 /* TBPipline.swift */ = {isa = PBXFileReference; lastKnownFileType = sourcecode.swift; path = TBPipline.swift; sourceTree = "<group>"; };
		241317A8224B19EB00EBE853 /* TBQueueItem.swift */ = {isa = PBXFileReference; lastKnownFileType = sourcecode.swift; path = TBQueueItem.swift; sourceTree = "<group>"; };
		242C07222371E8480037D3C2 /* LinuxMain.swift */ = {isa = PBXFileReference; fileEncoding = 4; lastKnownFileType = sourcecode.swift; path = LinuxMain.swift; sourceTree = "<group>"; };
		242C07292371E94D0037D3C2 /* WebShell.framework */ = {isa = PBXFileReference; explicitFileType = wrapper.framework; includeInIndex = 0; path = WebShell.framework; sourceTree = BUILT_PRODUCTS_DIR; };
		246FF0F6228A6F2500B8BE0B /* WebShellExsample.entitlements */ = {isa = PBXFileReference; lastKnownFileType = text.plist.entitlements; path = WebShellExsample.entitlements; sourceTree = "<group>"; };
		24B189E323782FC800B31B36 /* BusPan.swift */ = {isa = PBXFileReference; lastKnownFileType = sourcecode.swift; path = BusPan.swift; sourceTree = "<group>"; };
		24B189E6237835A000B31B36 /* buspan.js */ = {isa = PBXFileReference; lastKnownFileType = sourcecode.javascript; path = buspan.js; sourceTree = "<group>"; };
		24B3CA2E227FE87D0094B43E /* TBPiplineSeat.swift */ = {isa = PBXFileReference; lastKnownFileType = sourcecode.swift; path = TBPiplineSeat.swift; sourceTree = "<group>"; };
		24B3CC9F228405480094B43E /* TBParser.swift */ = {isa = PBXFileReference; lastKnownFileType = sourcecode.swift; path = TBParser.swift; sourceTree = "<group>"; };
		24B3CD0A22856FF30094B43E /* TBDownloader.swift */ = {isa = PBXFileReference; lastKnownFileType = sourcecode.swift; path = TBDownloader.swift; sourceTree = "<group>"; };
		24D707E5229AB8B000F9D557 /* Xipan.swift */ = {isa = PBXFileReference; lastKnownFileType = sourcecode.swift; path = Xipan.swift; sourceTree = "<group>"; };
		24E60F0D21D65C50007AB419 /* XunNiu.swift */ = {isa = PBXFileReference; lastKnownFileType = sourcecode.swift; path = XunNiu.swift; sourceTree = "<group>"; };
		24E60F1621D66180007AB419 /* WebShellCoreTests.xctest */ = {isa = PBXFileReference; explicitFileType = wrapper.cfbundle; includeInIndex = 0; path = WebShellCoreTests.xctest; sourceTree = BUILT_PRODUCTS_DIR; };
		24E60F1821D66181007AB419 /* WebShellCoreTests.swift */ = {isa = PBXFileReference; lastKnownFileType = sourcecode.swift; path = WebShellCoreTests.swift; sourceTree = "<group>"; };
		24E60F1A21D66181007AB419 /* Info.plist */ = {isa = PBXFileReference; lastKnownFileType = text.plist.xml; path = Info.plist; sourceTree = "<group>"; };
		24E98025229B7F4F00EC6D96 /* TBWebview.swift */ = {isa = PBXFileReference; lastKnownFileType = sourcecode.swift; path = TBWebview.swift; sourceTree = "<group>"; };
		24F9C6C920D8E05600E1F88D /* Yousuwp.swift */ = {isa = PBXFileReference; fileEncoding = 4; lastKnownFileType = sourcecode.swift; path = Yousuwp.swift; sourceTree = "<group>"; };
		24F9C6CC20D8E06100E1F88D /* yousuwp.js */ = {isa = PBXFileReference; fileEncoding = 4; lastKnownFileType = sourcecode.javascript; path = yousuwp.js; sourceTree = "<group>"; };
		24F9C6CF20D8E17500E1F88D /* Const.swift */ = {isa = PBXFileReference; fileEncoding = 4; lastKnownFileType = sourcecode.swift; path = Const.swift; sourceTree = "<group>"; };
		27448B2320170ABA001FC925 /* WebShellExsample.app */ = {isa = PBXFileReference; explicitFileType = wrapper.application; includeInIndex = 0; path = WebShellExsample.app; sourceTree = BUILT_PRODUCTS_DIR; };
		27448B2620170ABA001FC925 /* AppDelegate.swift */ = {isa = PBXFileReference; lastKnownFileType = sourcecode.swift; path = AppDelegate.swift; sourceTree = "<group>"; };
		27448B2820170ABA001FC925 /* ViewController.swift */ = {isa = PBXFileReference; lastKnownFileType = sourcecode.swift; path = ViewController.swift; sourceTree = "<group>"; };
		27448B2A20170ABA001FC925 /* Assets.xcassets */ = {isa = PBXFileReference; lastKnownFileType = folder.assetcatalog; path = Assets.xcassets; sourceTree = "<group>"; };
		27448B2D20170ABA001FC925 /* Base */ = {isa = PBXFileReference; lastKnownFileType = file.storyboard; name = Base; path = Base.lproj/Main.storyboard; sourceTree = "<group>"; };
		27448B2F20170ABA001FC925 /* Info.plist */ = {isa = PBXFileReference; lastKnownFileType = text.plist.xml; path = Info.plist; sourceTree = "<group>"; };
		27448B3020170ABA001FC925 /* CCCHOOO.entitlements */ = {isa = PBXFileReference; lastKnownFileType = text.plist.entitlements; path = CCCHOOO.entitlements; sourceTree = "<group>"; };
		27448B592018387A001FC925 /* ccchooo.js */ = {isa = PBXFileReference; fileEncoding = 4; lastKnownFileType = sourcecode.javascript; path = ccchooo.js; sourceTree = "<group>"; };
		2749698920886BBE009A1E1B /* PCDownloadTask.swift */ = {isa = PBXFileReference; lastKnownFileType = sourcecode.swift; path = PCDownloadTask.swift; sourceTree = "<group>"; };
		2749698B20886F9B009A1E1B /* PCDownloadManager.swift */ = {isa = PBXFileReference; lastKnownFileType = sourcecode.swift; path = PCDownloadManager.swift; sourceTree = "<group>"; };
		2749699120888113009A1E1B /* WebShell.swift */ = {isa = PBXFileReference; lastKnownFileType = sourcecode.swift; path = WebShell.swift; sourceTree = "<group>"; };
		2749699520897CAB009A1E1B /* PCWebRiffle.swift */ = {isa = PBXFileReference; lastKnownFileType = sourcecode.swift; path = PCWebRiffle.swift; sourceTree = "<group>"; };
		2749699E20899A60009A1E1B /* PCWebBullet.swift */ = {isa = PBXFileReference; lastKnownFileType = sourcecode.swift; path = PCWebBullet.swift; sourceTree = "<group>"; };
		277BFBD5203EA876009EE51B /* Pan666.swift */ = {isa = PBXFileReference; lastKnownFileType = sourcecode.swift; path = Pan666.swift; sourceTree = "<group>"; };
		277BFBD7203EA974009EE51B /* 666pan.js */ = {isa = PBXFileReference; fileEncoding = 4; lastKnownFileType = sourcecode.javascript; path = 666pan.js; sourceTree = "<group>"; };
		277C8431204652F700D7B2B1 /* VCMLParser.swift */ = {isa = PBXFileReference; lastKnownFileType = sourcecode.swift; path = VCMLParser.swift; sourceTree = "<group>"; };
		277C84342046A02200D7B2B1 /* ImageMaker.swift */ = {isa = PBXFileReference; lastKnownFileType = sourcecode.swift; path = ImageMaker.swift; sourceTree = "<group>"; };
		277C843D2046A45B00D7B2B1 /* WebShell_iOS.h */ = {isa = PBXFileReference; lastKnownFileType = sourcecode.c.h; path = WebShell_iOS.h; sourceTree = "<group>"; };
		277C843E2046A45B00D7B2B1 /* Info.plist */ = {isa = PBXFileReference; lastKnownFileType = text.plist.xml; path = Info.plist; sourceTree = "<group>"; };
		277C845E2047971D00D7B2B1 /* AppDelegate.swift */ = {isa = PBXFileReference; lastKnownFileType = sourcecode.swift; path = AppDelegate.swift; sourceTree = "<group>"; };
		277C84602047971D00D7B2B1 /* ViewController.swift */ = {isa = PBXFileReference; lastKnownFileType = sourcecode.swift; path = ViewController.swift; sourceTree = "<group>"; };
		277C84632047971D00D7B2B1 /* Base */ = {isa = PBXFileReference; lastKnownFileType = file.storyboard; name = Base; path = Base.lproj/Main.storyboard; sourceTree = "<group>"; };
		277C84652047971D00D7B2B1 /* Assets.xcassets */ = {isa = PBXFileReference; lastKnownFileType = folder.assetcatalog; path = Assets.xcassets; sourceTree = "<group>"; };
		277C84682047971D00D7B2B1 /* Base */ = {isa = PBXFileReference; lastKnownFileType = file.storyboard; name = Base; path = Base.lproj/LaunchScreen.storyboard; sourceTree = "<group>"; };
		277C846A2047971D00D7B2B1 /* Info.plist */ = {isa = PBXFileReference; lastKnownFileType = text.plist.xml; path = Info.plist; sourceTree = "<group>"; };
		277C848F20479F3100D7B2B1 /* FileCoordinator.swift */ = {isa = PBXFileReference; lastKnownFileType = sourcecode.swift; path = FileCoordinator.swift; sourceTree = "<group>"; };
		27C9DBAD204105B000A87E9E /* VerifyCodeView.swift */ = {isa = PBXFileReference; lastKnownFileType = sourcecode.swift; path = VerifyCodeView.swift; sourceTree = "<group>"; };
		27C9DBAF2041094500A87E9E /* VerifyCodeViewController.swift */ = {isa = PBXFileReference; lastKnownFileType = sourcecode.swift; path = VerifyCodeViewController.swift; sourceTree = "<group>"; };
		27C9DBB320410F0900A87E9E /* VerifyCodeViewController.xib */ = {isa = PBXFileReference; lastKnownFileType = file.xib; path = VerifyCodeViewController.xib; sourceTree = "<group>"; };
		27C9DBB520413F7300A87E9E /* Ccchooo.swift */ = {isa = PBXFileReference; lastKnownFileType = sourcecode.swift; path = Ccchooo.swift; sourceTree = "<group>"; };
		27C9DBBE204146A100A87E9E /* WebShell.h */ = {isa = PBXFileReference; lastKnownFileType = sourcecode.c.h; path = WebShell.h; sourceTree = "<group>"; };
		27C9DBBF204146A100A87E9E /* Info.plist */ = {isa = PBXFileReference; lastKnownFileType = text.plist.xml; path = Info.plist; sourceTree = "<group>"; };
		27E4C12E2037011E0003A38D /* Feemoo.swift */ = {isa = PBXFileReference; lastKnownFileType = sourcecode.swift; path = Feemoo.swift; sourceTree = "<group>"; };
		27E4C130203703610003A38D /* feemoo.js */ = {isa = PBXFileReference; fileEncoding = 4; lastKnownFileType = sourcecode.javascript; path = feemoo.js; sourceTree = "<group>"; };
		5227B1E629D2D32000C57D92 /* Delay.swift */ = {isa = PBXFileReference; fileEncoding = 4; lastKnownFileType = sourcecode.swift; path = Delay.swift; sourceTree = "<group>"; };
		5227B1E729D2D32000C57D92 /* AnyCondom.swift */ = {isa = PBXFileReference; fileEncoding = 4; lastKnownFileType = sourcecode.swift; path = AnyCondom.swift; sourceTree = "<group>"; };
		5227B1E829D2D32000C57D92 /* SessionContext.swift */ = {isa = PBXFileReference; fileEncoding = 4; lastKnownFileType = sourcecode.swift; path = SessionContext.swift; sourceTree = "<group>"; };
		5227B1E929D2D32000C57D92 /* Condom.swift */ = {isa = PBXFileReference; fileEncoding = 4; lastKnownFileType = sourcecode.swift; path = Condom.swift; sourceTree = "<group>"; };
		5227B1EA29D2D32000C57D92 /* Durex.swift */ = {isa = PBXFileReference; fileEncoding = 4; lastKnownFileType = sourcecode.swift; path = Durex.swift; sourceTree = "<group>"; };
		5227B1EB29D2D32000C57D92 /* Request.swift */ = {isa = PBXFileReference; fileEncoding = 4; lastKnownFileType = sourcecode.swift; path = Request.swift; sourceTree = "<group>"; };
		5227B1EC29D2D32000C57D92 /* AnyValue.swift */ = {isa = PBXFileReference; fileEncoding = 4; lastKnownFileType = sourcecode.swift; path = AnyValue.swift; sourceTree = "<group>"; };
		5227B1ED29D2D32000C57D92 /* DurexError.swift */ = {isa = PBXFileReference; fileEncoding = 4; lastKnownFileType = sourcecode.swift; path = DurexError.swift; sourceTree = "<group>"; };
		5227B1EF29D2D32000C57D92 /* AnyErase.swift */ = {isa = PBXFileReference; fileEncoding = 4; lastKnownFileType = sourcecode.swift; path = AnyErase.swift; sourceTree = "<group>"; };
		5227B1F029D2D32000C57D92 /* PublisherShirk.swift */ = {isa = PBXFileReference; fileEncoding = 4; lastKnownFileType = sourcecode.swift; path = PublisherShirk.swift; sourceTree = "<group>"; };
		6311FFC025AC50E100DC1566 /* String+URL.swift */ = {isa = PBXFileReference; lastKnownFileType = sourcecode.swift; path = "String+URL.swift"; sourceTree = "<group>"; };
		6311FFC925AC7BCA00DC1566 /* XFPan.swift */ = {isa = PBXFileReference; lastKnownFileType = sourcecode.swift; path = XFPan.swift; sourceTree = "<group>"; };
		631BEB4D244C52AF002243C4 /* KuYun.swift */ = {isa = PBXFileReference; lastKnownFileType = sourcecode.swift; path = KuYun.swift; sourceTree = "<group>"; };
		633B71F723CB107C00B70E1C /* ColorDx.swift */ = {isa = PBXFileReference; lastKnownFileType = sourcecode.swift; path = ColorDx.swift; sourceTree = "<group>"; };
		6365CE3424A1AD95004120EF /* WebShellError.swift */ = {isa = PBXFileReference; lastKnownFileType = sourcecode.swift; path = WebShellError.swift; sourceTree = "<group>"; };
		6365CE3624A1B02B004120EF /* DownStreamDataTask.swift */ = {isa = PBXFileReference; lastKnownFileType = sourcecode.swift; path = DownStreamDataTask.swift; sourceTree = "<group>"; };
		63B7AC192559276F00943A7B /* XueQiu.swift */ = {isa = PBXFileReference; lastKnownFileType = sourcecode.swift; path = XueQiu.swift; sourceTree = "<group>"; };
/* End PBXFileReference section */

/* Begin PBXFrameworksBuildPhase section */
		242C07262371E94D0037D3C2 /* Frameworks */ = {
			isa = PBXFrameworksBuildPhase;
			buildActionMask = 2147483647;
			files = (
				63FE01EA249CB97200E32599 /* SwiftSoup in Frameworks */,
			);
			runOnlyForDeploymentPostprocessing = 0;
		};
		24E60F1321D66180007AB419 /* Frameworks */ = {
			isa = PBXFrameworksBuildPhase;
			buildActionMask = 2147483647;
			files = (
			);
			runOnlyForDeploymentPostprocessing = 0;
		};
		27448B2020170ABA001FC925 /* Frameworks */ = {
			isa = PBXFrameworksBuildPhase;
			buildActionMask = 2147483647;
			files = (
				635FEE0F25528D3500FEE0FD /* WebShell.framework in Frameworks */,
			);
			runOnlyForDeploymentPostprocessing = 0;
		};
/* End PBXFrameworksBuildPhase section */

/* Begin PBXGroup section */
		24113A3E2371DB8800AEDEAA /* Sources */ = {
			isa = PBXGroup;
			children = (
				5227B1EE29D2D32000C57D92 /* AnyErase */,
				5227B1E529D2D32000C57D92 /* Durex */,
				277C843C2046A45A00D7B2B1 /* WebShell-iOS */,
				277C845D2047971D00D7B2B1 /* WebShellExample-iOS */,
				24113A402371DDC700AEDEAA /* WebShell */,
			);
			path = Sources;
			sourceTree = "<group>";
		};
		24113A3F2371DB9F00AEDEAA /* Tests */ = {
			isa = PBXGroup;
			children = (
				242C07222371E8480037D3C2 /* LinuxMain.swift */,
				24E60F1721D66181007AB419 /* WebShellCoreTests */,
			);
			path = Tests;
			sourceTree = "<group>";
		};
		24113A402371DDC700AEDEAA /* WebShell */ = {
			isa = PBXGroup;
			children = (
				2749699120888113009A1E1B /* WebShell.swift */,
				6311FFC925AC7BCA00DC1566 /* XFPan.swift */,
				24D707E5229AB8B000F9D557 /* Xipan.swift */,
				24E60F0D21D65C50007AB419 /* XunNiu.swift */,
				240D326420F5B49E00AED3C4 /* V2File.swift */,
				24F9C6CF20D8E17500E1F88D /* Const.swift */,
				24F9C6C920D8E05600E1F88D /* Yousuwp.swift */,
				633B71F723CB107C00B70E1C /* ColorDx.swift */,
				631BEB4D244C52AF002243C4 /* KuYun.swift */,
				63B7AC192559276F00943A7B /* XueQiu.swift */,
				2749698920886BBE009A1E1B /* PCDownloadTask.swift */,
				2749698B20886F9B009A1E1B /* PCDownloadManager.swift */,
				2749699520897CAB009A1E1B /* PCWebRiffle.swift */,
				2749699E20899A60009A1E1B /* PCWebBullet.swift */,
				277C84342046A02200D7B2B1 /* ImageMaker.swift */,
				277C848F20479F3100D7B2B1 /* FileCoordinator.swift */,
				27C9DBAD204105B000A87E9E /* VerifyCodeView.swift */,
				27C9DBAF2041094500A87E9E /* VerifyCodeViewController.swift */,
				27C9DBB320410F0900A87E9E /* VerifyCodeViewController.xib */,
				27C9DBB520413F7300A87E9E /* Ccchooo.swift */,
				27E4C12E2037011E0003A38D /* Feemoo.swift */,
				277BFBD5203EA876009EE51B /* Pan666.swift */,
				24B189E323782FC800B31B36 /* BusPan.swift */,
				241317A4224B194000EBE853 /* TBPipline.swift */,
				241317A8224B19EB00EBE853 /* TBQueueItem.swift */,
				24B3CA2E227FE87D0094B43E /* TBPiplineSeat.swift */,
				24B3CC9F228405480094B43E /* TBParser.swift */,
				24B3CD0A22856FF30094B43E /* TBDownloader.swift */,
				6365CE3424A1AD95004120EF /* WebShellError.swift */,
				6365CE3624A1B02B004120EF /* DownStreamDataTask.swift */,
				24E98025229B7F4F00EC6D96 /* TBWebview.swift */,
				277C8431204652F700D7B2B1 /* VCMLParser.swift */,
				6311FFC025AC50E100DC1566 /* String+URL.swift */,
				27448B58201837AD001FC925 /* Script */,
			);
			path = WebShell;
			sourceTree = "<group>";
		};
		24E60F1721D66181007AB419 /* WebShellCoreTests */ = {
			isa = PBXGroup;
			children = (
				24E60F1821D66181007AB419 /* WebShellCoreTests.swift */,
				24E60F1A21D66181007AB419 /* Info.plist */,
			);
			path = WebShellCoreTests;
			sourceTree = "<group>";
		};
		27448B1A20170ABA001FC925 = {
			isa = PBXGroup;
			children = (
				27448B2520170ABA001FC925 /* CCCHOOO */,
				27C9DBBD204146A100A87E9E /* WebShell */,
				24113A3F2371DB9F00AEDEAA /* Tests */,
				24113A3E2371DB8800AEDEAA /* Sources */,
				24113A3C2371D95C00AEDEAA /* README.md */,
				24113A3A2371D92D00AEDEAA /* Package.swift */,
				246FF0F6228A6F2500B8BE0B /* WebShellExsample.entitlements */,
				27448B2420170ABA001FC925 /* Products */,
				635FEE0E25528D3500FEE0FD /* Frameworks */,
			);
			sourceTree = "<group>";
		};
		27448B2420170ABA001FC925 /* Products */ = {
			isa = PBXGroup;
			children = (
				27448B2320170ABA001FC925 /* WebShellExsample.app */,
				24E60F1621D66180007AB419 /* WebShellCoreTests.xctest */,
				242C07292371E94D0037D3C2 /* WebShell.framework */,
			);
			name = Products;
			sourceTree = "<group>";
		};
		27448B2520170ABA001FC925 /* CCCHOOO */ = {
			isa = PBXGroup;
			children = (
				27448B2620170ABA001FC925 /* AppDelegate.swift */,
				27448B2820170ABA001FC925 /* ViewController.swift */,
				27448B2A20170ABA001FC925 /* Assets.xcassets */,
				27448B2C20170ABA001FC925 /* Main.storyboard */,
				27448B2F20170ABA001FC925 /* Info.plist */,
				27448B3020170ABA001FC925 /* CCCHOOO.entitlements */,
			);
			path = CCCHOOO;
			sourceTree = "<group>";
		};
		27448B58201837AD001FC925 /* Script */ = {
			isa = PBXGroup;
			children = (
				24F9C6CC20D8E06100E1F88D /* yousuwp.js */,
				277BFBD7203EA974009EE51B /* 666pan.js */,
				27E4C130203703610003A38D /* feemoo.js */,
				27448B592018387A001FC925 /* ccchooo.js */,
				24B189E6237835A000B31B36 /* buspan.js */,
			);
			path = Script;
			sourceTree = "<group>";
		};
		277C843C2046A45A00D7B2B1 /* WebShell-iOS */ = {
			isa = PBXGroup;
			children = (
				277C843D2046A45B00D7B2B1 /* WebShell_iOS.h */,
				277C843E2046A45B00D7B2B1 /* Info.plist */,
			);
			path = "WebShell-iOS";
			sourceTree = "<group>";
		};
		277C845D2047971D00D7B2B1 /* WebShellExample-iOS */ = {
			isa = PBXGroup;
			children = (
				277C845E2047971D00D7B2B1 /* AppDelegate.swift */,
				277C84602047971D00D7B2B1 /* ViewController.swift */,
				277C84622047971D00D7B2B1 /* Main.storyboard */,
				277C84652047971D00D7B2B1 /* Assets.xcassets */,
				277C84672047971D00D7B2B1 /* LaunchScreen.storyboard */,
				277C846A2047971D00D7B2B1 /* Info.plist */,
			);
			path = "WebShellExample-iOS";
			sourceTree = "<group>";
		};
		27C9DBBD204146A100A87E9E /* WebShell */ = {
			isa = PBXGroup;
			children = (
				27C9DBBE204146A100A87E9E /* WebShell.h */,
				27C9DBBF204146A100A87E9E /* Info.plist */,
			);
			path = WebShell;
			sourceTree = "<group>";
		};
		5227B1E529D2D32000C57D92 /* Durex */ = {
			isa = PBXGroup;
			children = (
				5227B1E629D2D32000C57D92 /* Delay.swift */,
				5227B1E729D2D32000C57D92 /* AnyCondom.swift */,
				5227B1E829D2D32000C57D92 /* SessionContext.swift */,
				5227B1E929D2D32000C57D92 /* Condom.swift */,
				5227B1EA29D2D32000C57D92 /* Durex.swift */,
				5227B1EB29D2D32000C57D92 /* Request.swift */,
				5227B1EC29D2D32000C57D92 /* AnyValue.swift */,
				5227B1ED29D2D32000C57D92 /* DurexError.swift */,
			);
			path = Durex;
			sourceTree = "<group>";
		};
		5227B1EE29D2D32000C57D92 /* AnyErase */ = {
			isa = PBXGroup;
			children = (
				5227B1EF29D2D32000C57D92 /* AnyErase.swift */,
				5227B1F029D2D32000C57D92 /* PublisherShirk.swift */,
			);
			path = AnyErase;
			sourceTree = "<group>";
		};
		635FEE0E25528D3500FEE0FD /* Frameworks */ = {
			isa = PBXGroup;
			children = (
			);
			name = Frameworks;
			sourceTree = "<group>";
		};
/* End PBXGroup section */

/* Begin PBXHeadersBuildPhase section */
		242C07242371E94D0037D3C2 /* Headers */ = {
			isa = PBXHeadersBuildPhase;
			buildActionMask = 2147483647;
			files = (
			);
			runOnlyForDeploymentPostprocessing = 0;
		};
/* End PBXHeadersBuildPhase section */

/* Begin PBXNativeTarget section */
		242C07282371E94D0037D3C2 /* WebShell */ = {
			isa = PBXNativeTarget;
			buildConfigurationList = 242C07322371E94D0037D3C2 /* Build configuration list for PBXNativeTarget "WebShell" */;
			buildPhases = (
				242C07242371E94D0037D3C2 /* Headers */,
				242C07252371E94D0037D3C2 /* Sources */,
				242C07262371E94D0037D3C2 /* Frameworks */,
				242C07272371E94D0037D3C2 /* Resources */,
			);
			buildRules = (
			);
			dependencies = (
			);
			name = WebShell;
			packageProductDependencies = (
				63FE01E9249CB97200E32599 /* SwiftSoup */,
			);
			productName = WebShell;
			productReference = 242C07292371E94D0037D3C2 /* WebShell.framework */;
			productType = "com.apple.product-type.framework";
		};
		24E60F1521D66180007AB419 /* WebShellCoreTests */ = {
			isa = PBXNativeTarget;
			buildConfigurationList = 24E60F1E21D66181007AB419 /* Build configuration list for PBXNativeTarget "WebShellCoreTests" */;
			buildPhases = (
				24E60F1221D66180007AB419 /* Sources */,
				24E60F1321D66180007AB419 /* Frameworks */,
				24E60F1421D66180007AB419 /* Resources */,
			);
			buildRules = (
			);
			dependencies = (
				24E60F3821D663F5007AB419 /* PBXTargetDependency */,
			);
			name = WebShellCoreTests;
			productName = WebShellCoreTests;
			productReference = 24E60F1621D66180007AB419 /* WebShellCoreTests.xctest */;
			productType = "com.apple.product-type.bundle.unit-test";
		};
		27448B2220170ABA001FC925 /* WebShellExsample */ = {
			isa = PBXNativeTarget;
			buildConfigurationList = 27448B4920170ABA001FC925 /* Build configuration list for PBXNativeTarget "WebShellExsample" */;
			buildPhases = (
				27448B1F20170ABA001FC925 /* Sources */,
				27448B2020170ABA001FC925 /* Frameworks */,
				27448B2120170ABA001FC925 /* Resources */,
				635FEE1325528D3500FEE0FD /* Embed Frameworks */,
			);
			buildRules = (
			);
			dependencies = (
				635FEE1225528D3500FEE0FD /* PBXTargetDependency */,
			);
			name = WebShellExsample;
			productName = CCCHOOO;
			productReference = 27448B2320170ABA001FC925 /* WebShellExsample.app */;
			productType = "com.apple.product-type.application";
		};
/* End PBXNativeTarget section */

/* Begin PBXProject section */
		27448B1B20170ABA001FC925 /* Project object */ = {
			isa = PBXProject;
			attributes = {
				LastSwiftUpdateCheck = 1010;
				LastUpgradeCheck = 1210;
				ORGANIZATIONNAME = ascp;
				TargetAttributes = {
					242C07282371E94D0037D3C2 = {
						CreatedOnToolsVersion = 11.2;
						ProvisioningStyle = Automatic;
					};
					24E60F1521D66180007AB419 = {
						CreatedOnToolsVersion = 10.1;
						LastSwiftMigration = 1020;
						ProvisioningStyle = Automatic;
					};
					27448B2220170ABA001FC925 = {
						CreatedOnToolsVersion = 9.2;
						LastSwiftMigration = 1020;
						ProvisioningStyle = Automatic;
						SystemCapabilities = {
							com.apple.Sandbox = {
								enabled = 1;
							};
						};
					};
				};
			};
			buildConfigurationList = 27448B1E20170ABA001FC925 /* Build configuration list for PBXProject "WebShellExsample" */;
			compatibilityVersion = "Xcode 8.0";
			developmentRegion = en;
			hasScannedForEncodings = 0;
			knownRegions = (
				en,
				Base,
			);
			mainGroup = 27448B1A20170ABA001FC925;
			packageReferences = (
				63FE01E8249CB97200E32599 /* XCRemoteSwiftPackageReference "SwiftSoup" */,
			);
			productRefGroup = 27448B2420170ABA001FC925 /* Products */;
			projectDirPath = "";
			projectRoot = "";
			targets = (
				27448B2220170ABA001FC925 /* WebShellExsample */,
				24E60F1521D66180007AB419 /* WebShellCoreTests */,
				242C07282371E94D0037D3C2 /* WebShell */,
			);
		};
/* End PBXProject section */

/* Begin PBXResourcesBuildPhase section */
		242C07272371E94D0037D3C2 /* Resources */ = {
			isa = PBXResourcesBuildPhase;
			buildActionMask = 2147483647;
			files = (
				242C07432371E9B10037D3C2 /* VerifyCodeViewController.xib in Resources */,
				242C07522371E9C70037D3C2 /* ccchooo.js in Resources */,
				242C07502371E9C70037D3C2 /* 666pan.js in Resources */,
				242C074F2371E9C70037D3C2 /* yousuwp.js in Resources */,
				242C07512371E9C70037D3C2 /* feemoo.js in Resources */,
			);
			runOnlyForDeploymentPostprocessing = 0;
		};
		24E60F1421D66180007AB419 /* Resources */ = {
			isa = PBXResourcesBuildPhase;
			buildActionMask = 2147483647;
			files = (
				24E60F2E21D66364007AB419 /* VerifyCodeViewController.xib in Resources */,
				24E60F3321D66364007AB419 /* ccchooo.js in Resources */,
				24E60F3121D66364007AB419 /* 666pan.js in Resources */,
				24E60F3021D66364007AB419 /* yousuwp.js in Resources */,
				24E60F3221D66364007AB419 /* feemoo.js in Resources */,
			);
			runOnlyForDeploymentPostprocessing = 0;
		};
		27448B2120170ABA001FC925 /* Resources */ = {
			isa = PBXResourcesBuildPhase;
			buildActionMask = 2147483647;
			files = (
				27448B2B20170ABA001FC925 /* Assets.xcassets in Resources */,
				27448B2E20170ABA001FC925 /* Main.storyboard in Resources */,
				24B189E7237835A000B31B36 /* buspan.js in Resources */,
			);
			runOnlyForDeploymentPostprocessing = 0;
		};
/* End PBXResourcesBuildPhase section */

/* Begin PBXSourcesBuildPhase section */
		242C07252371E94D0037D3C2 /* Sources */ = {
			isa = PBXSourcesBuildPhase;
			buildActionMask = 2147483647;
			files = (
				5227B1F129D2D32000C57D92 /* Delay.swift in Sources */,
				242C07402371E9B10037D3C2 /* FileCoordinator.swift in Sources */,
				5227B1F529D2D32000C57D92 /* Durex.swift in Sources */,
				242C073C2371E9B10037D3C2 /* PCDownloadManager.swift in Sources */,
				242C07452371E9B10037D3C2 /* Feemoo.swift in Sources */,
				5227B1F829D2D32000C57D92 /* DurexError.swift in Sources */,
				6311FFCB25AC7BCB00DC1566 /* XFPan.swift in Sources */,
				6365CE3824A1CD49004120EF /* DownStreamDataTask.swift in Sources */,
				242C07362371E9B10037D3C2 /* Xipan.swift in Sources */,
				242C073B2371E9B10037D3C2 /* PCDownloadTask.swift in Sources */,
				242C074E2371E9C20037D3C2 /* VCMLParser.swift in Sources */,
				242C07412371E9B10037D3C2 /* VerifyCodeView.swift in Sources */,
				242C07492371E9B10037D3C2 /* TBPiplineSeat.swift in Sources */,
				5227B1F429D2D32000C57D92 /* Condom.swift in Sources */,
				5227B1F329D2D32000C57D92 /* SessionContext.swift in Sources */,
				6311FFC225AC50E100DC1566 /* String+URL.swift in Sources */,
				242C073D2371E9B10037D3C2 /* PCWebRiffle.swift in Sources */,
				242C07482371E9B10037D3C2 /* TBQueueItem.swift in Sources */,
				242C07462371E9B10037D3C2 /* Pan666.swift in Sources */,
				242C07352371E9B10037D3C2 /* WebShell.swift in Sources */,
				242C073A2371E9B10037D3C2 /* Yousuwp.swift in Sources */,
				242C074B2371E9B10037D3C2 /* TBDownloader.swift in Sources */,
				6365CE3924A1CD4E004120EF /* WebShellError.swift in Sources */,
				5227B1F929D2D32000C57D92 /* AnyErase.swift in Sources */,
				242C07442371E9B10037D3C2 /* Ccchooo.swift in Sources */,
				242C07472371E9B10037D3C2 /* TBPipline.swift in Sources */,
				63B7AC1B2559276F00943A7B /* XueQiu.swift in Sources */,
				242C074C2371E9B10037D3C2 /* TBWebview.swift in Sources */,
				631BEB4F244C52D4002243C4 /* KuYun.swift in Sources */,
				24B189E52378305500B31B36 /* BusPan.swift in Sources */,
				242C07372371E9B10037D3C2 /* XunNiu.swift in Sources */,
				242C073E2371E9B10037D3C2 /* PCWebBullet.swift in Sources */,
				5227B1F729D2D32000C57D92 /* AnyValue.swift in Sources */,
				633B71F923CB10D700B70E1C /* ColorDx.swift in Sources */,
				5227B1F629D2D32000C57D92 /* Request.swift in Sources */,
				242C07422371E9B10037D3C2 /* VerifyCodeViewController.swift in Sources */,
				5227B1FA29D2D32000C57D92 /* PublisherShirk.swift in Sources */,
				242C073F2371E9B10037D3C2 /* ImageMaker.swift in Sources */,
				5227B1F229D2D32000C57D92 /* AnyCondom.swift in Sources */,
				242C074A2371E9B10037D3C2 /* TBParser.swift in Sources */,
				242C07382371E9B10037D3C2 /* V2File.swift in Sources */,
				242C07392371E9B10037D3C2 /* Const.swift in Sources */,
			);
			runOnlyForDeploymentPostprocessing = 0;
		};
		24E60F1221D66180007AB419 /* Sources */ = {
			isa = PBXSourcesBuildPhase;
			buildActionMask = 2147483647;
			files = (
				24E60F2B21D66364007AB419 /* FileCoordinator.swift in Sources */,
				24113A422371E13E00AEDEAA /* TBDownloader.swift in Sources */,
				24E60F3921D66466007AB419 /* Const.swift in Sources */,
				24113A452371E13E00AEDEAA /* TBWebview.swift in Sources */,
				24E60F2921D66364007AB419 /* ImageMaker.swift in Sources */,
				24E60F3421D66364007AB419 /* Feemoo.swift in Sources */,
				24113A442371E13E00AEDEAA /* TBPiplineSeat.swift in Sources */,
				241317A7224B194000EBE853 /* TBPipline.swift in Sources */,
				24E60F2A21D66364007AB419 /* VCMLParser.swift in Sources */,
				63B7AC1A2559276F00943A7B /* XueQiu.swift in Sources */,
				24E60F2321D66364007AB419 /* Yousuwp.swift in Sources */,
				24E60F2C21D66364007AB419 /* VerifyCodeView.swift in Sources */,
				6365CE3A24A1CD56004120EF /* DownStreamDataTask.swift in Sources */,
				24E60F2121D66364007AB419 /* XunNiu.swift in Sources */,
				241317AB224B19EB00EBE853 /* TBQueueItem.swift in Sources */,
				24113A432371E13E00AEDEAA /* TBParser.swift in Sources */,
				24E60F3521D66364007AB419 /* Pan666.swift in Sources */,
				24E60F2821D66364007AB419 /* PCWebBullet.swift in Sources */,
				24E60F2521D66364007AB419 /* WebShell.swift in Sources */,
				24E60F2F21D66364007AB419 /* Ccchooo.swift in Sources */,
				6311FFC125AC50E100DC1566 /* String+URL.swift in Sources */,
				6365CE3B24A1CD59004120EF /* WebShellError.swift in Sources */,
				24E60F2421D66364007AB419 /* PCDownloadTask.swift in Sources */,
				24113A412371E11800AEDEAA /* Xipan.swift in Sources */,
				633B71FA23CB1ADA00B70E1C /* ColorDx.swift in Sources */,
				24E60F2221D66364007AB419 /* V2File.swift in Sources */,
				6311FFCA25AC7BCB00DC1566 /* XFPan.swift in Sources */,
				24E60F2D21D66364007AB419 /* VerifyCodeViewController.swift in Sources */,
				24E60F2721D66364007AB419 /* PCWebRiffle.swift in Sources */,
				24E60F2621D66364007AB419 /* PCDownloadManager.swift in Sources */,
				24E60F1921D66181007AB419 /* WebShellCoreTests.swift in Sources */,
			);
			runOnlyForDeploymentPostprocessing = 0;
		};
		27448B1F20170ABA001FC925 /* Sources */ = {
			isa = PBXSourcesBuildPhase;
			buildActionMask = 2147483647;
			files = (
				27448B2920170ABA001FC925 /* ViewController.swift in Sources */,
				27448B2720170ABA001FC925 /* AppDelegate.swift in Sources */,
			);
			runOnlyForDeploymentPostprocessing = 0;
		};
/* End PBXSourcesBuildPhase section */

/* Begin PBXTargetDependency section */
		24E60F3821D663F5007AB419 /* PBXTargetDependency */ = {
			isa = PBXTargetDependency;
			target = 27448B2220170ABA001FC925 /* WebShellExsample */;
			targetProxy = 24E60F3721D663F5007AB419 /* PBXContainerItemProxy */;
		};
		635FEE1225528D3500FEE0FD /* PBXTargetDependency */ = {
			isa = PBXTargetDependency;
			target = 242C07282371E94D0037D3C2 /* WebShell */;
			targetProxy = 635FEE1125528D3500FEE0FD /* PBXContainerItemProxy */;
		};
/* End PBXTargetDependency section */

/* Begin PBXVariantGroup section */
		27448B2C20170ABA001FC925 /* Main.storyboard */ = {
			isa = PBXVariantGroup;
			children = (
				27448B2D20170ABA001FC925 /* Base */,
			);
			name = Main.storyboard;
			sourceTree = "<group>";
		};
		277C84622047971D00D7B2B1 /* Main.storyboard */ = {
			isa = PBXVariantGroup;
			children = (
				277C84632047971D00D7B2B1 /* Base */,
			);
			name = Main.storyboard;
			sourceTree = "<group>";
		};
		277C84672047971D00D7B2B1 /* LaunchScreen.storyboard */ = {
			isa = PBXVariantGroup;
			children = (
				277C84682047971D00D7B2B1 /* Base */,
			);
			name = LaunchScreen.storyboard;
			sourceTree = "<group>";
		};
/* End PBXVariantGroup section */

/* Begin XCBuildConfiguration section */
		242C07332371E94D0037D3C2 /* Debug */ = {
			isa = XCBuildConfiguration;
			buildSettings = {
				CLANG_ENABLE_OBJC_WEAK = YES;
				CODE_SIGN_IDENTITY = "-";
				CODE_SIGN_STYLE = Automatic;
				COMBINE_HIDPI_IMAGES = YES;
				CURRENT_PROJECT_VERSION = 1;
				DEFINES_MODULE = YES;
				DEVELOPMENT_TEAM = A272626J38;
				DYLIB_COMPATIBILITY_VERSION = 1;
				DYLIB_CURRENT_VERSION = 1;
				DYLIB_INSTALL_NAME_BASE = "@rpath";
				INFOPLIST_FILE = WebShell/Info.plist;
				INSTALL_PATH = "$(LOCAL_LIBRARY_DIR)/Frameworks";
				LD_RUNPATH_SEARCH_PATHS = (
					"$(inherited)",
					"@executable_path/../Frameworks",
					"@loader_path/Frameworks",
				);
				MTL_ENABLE_DEBUG_INFO = INCLUDE_SOURCE;
				MTL_FAST_MATH = YES;
				PRODUCT_BUNDLE_IDENTIFIER = com.ascp.WebShell;
				PRODUCT_NAME = "$(TARGET_NAME:c99extidentifier)";
				SKIP_INSTALL = YES;
				SWIFT_VERSION = 5.0;
				VERSIONING_SYSTEM = "apple-generic";
				VERSION_INFO_PREFIX = "";
			};
			name = Debug;
		};
		242C07342371E94D0037D3C2 /* Release */ = {
			isa = XCBuildConfiguration;
			buildSettings = {
				CLANG_ENABLE_OBJC_WEAK = YES;
				CODE_SIGN_IDENTITY = "-";
				CODE_SIGN_STYLE = Automatic;
				COMBINE_HIDPI_IMAGES = YES;
				CURRENT_PROJECT_VERSION = 1;
				DEFINES_MODULE = YES;
				DEVELOPMENT_TEAM = A272626J38;
				DYLIB_COMPATIBILITY_VERSION = 1;
				DYLIB_CURRENT_VERSION = 1;
				DYLIB_INSTALL_NAME_BASE = "@rpath";
				INFOPLIST_FILE = WebShell/Info.plist;
				INSTALL_PATH = "$(LOCAL_LIBRARY_DIR)/Frameworks";
				LD_RUNPATH_SEARCH_PATHS = (
					"$(inherited)",
					"@executable_path/../Frameworks",
					"@loader_path/Frameworks",
				);
				MTL_FAST_MATH = YES;
				PRODUCT_BUNDLE_IDENTIFIER = com.ascp.WebShell;
				PRODUCT_NAME = "$(TARGET_NAME:c99extidentifier)";
				SKIP_INSTALL = YES;
				SWIFT_VERSION = 5.0;
				VERSIONING_SYSTEM = "apple-generic";
				VERSION_INFO_PREFIX = "";
			};
			name = Release;
		};
		24E60F1F21D66181007AB419 /* Debug */ = {
			isa = XCBuildConfiguration;
			buildSettings = {
				CLANG_ENABLE_OBJC_WEAK = YES;
				CODE_SIGN_STYLE = Automatic;
				COMBINE_HIDPI_IMAGES = YES;
				DEVELOPMENT_TEAM = E6NP67H473;
				INFOPLIST_FILE = WebShellCoreTests/Info.plist;
				LD_RUNPATH_SEARCH_PATHS = (
					"$(inherited)",
					"@executable_path/../Frameworks",
					"@loader_path/../Frameworks",
				);
				MTL_ENABLE_DEBUG_INFO = INCLUDE_SOURCE;
				MTL_FAST_MATH = YES;
				PRODUCT_BUNDLE_IDENTIFIER = com.ascp.WebShellCoreTests;
				PRODUCT_NAME = "$(TARGET_NAME)";
				SWIFT_VERSION = 5.0;
			};
			name = Debug;
		};
		24E60F2021D66181007AB419 /* Release */ = {
			isa = XCBuildConfiguration;
			buildSettings = {
				CLANG_ENABLE_OBJC_WEAK = YES;
				CODE_SIGN_STYLE = Automatic;
				COMBINE_HIDPI_IMAGES = YES;
				DEVELOPMENT_TEAM = E6NP67H473;
				INFOPLIST_FILE = WebShellCoreTests/Info.plist;
				LD_RUNPATH_SEARCH_PATHS = (
					"$(inherited)",
					"@executable_path/../Frameworks",
					"@loader_path/../Frameworks",
				);
				MTL_FAST_MATH = YES;
				PRODUCT_BUNDLE_IDENTIFIER = com.ascp.WebShellCoreTests;
				PRODUCT_NAME = "$(TARGET_NAME)";
				SWIFT_VERSION = 5.0;
			};
			name = Release;
		};
		27448B4720170ABA001FC925 /* Debug */ = {
			isa = XCBuildConfiguration;
			buildSettings = {
				ALWAYS_SEARCH_USER_PATHS = NO;
				CLANG_ANALYZER_NONNULL = YES;
				CLANG_ANALYZER_NUMBER_OBJECT_CONVERSION = YES_AGGRESSIVE;
				CLANG_CXX_LANGUAGE_STANDARD = "gnu++14";
				CLANG_CXX_LIBRARY = "libc++";
				CLANG_ENABLE_MODULES = YES;
				CLANG_ENABLE_OBJC_ARC = YES;
				CLANG_WARN_BLOCK_CAPTURE_AUTORELEASING = YES;
				CLANG_WARN_BOOL_CONVERSION = YES;
				CLANG_WARN_COMMA = YES;
				CLANG_WARN_CONSTANT_CONVERSION = YES;
				CLANG_WARN_DEPRECATED_OBJC_IMPLEMENTATIONS = YES;
				CLANG_WARN_DIRECT_OBJC_ISA_USAGE = YES_ERROR;
				CLANG_WARN_DOCUMENTATION_COMMENTS = YES;
				CLANG_WARN_EMPTY_BODY = YES;
				CLANG_WARN_ENUM_CONVERSION = YES;
				CLANG_WARN_INFINITE_RECURSION = YES;
				CLANG_WARN_INT_CONVERSION = YES;
				CLANG_WARN_NON_LITERAL_NULL_CONVERSION = YES;
				CLANG_WARN_OBJC_IMPLICIT_RETAIN_SELF = YES;
				CLANG_WARN_OBJC_LITERAL_CONVERSION = YES;
				CLANG_WARN_OBJC_ROOT_CLASS = YES_ERROR;
				CLANG_WARN_QUOTED_INCLUDE_IN_FRAMEWORK_HEADER = YES;
				CLANG_WARN_RANGE_LOOP_ANALYSIS = YES;
				CLANG_WARN_STRICT_PROTOTYPES = YES;
				CLANG_WARN_SUSPICIOUS_MOVE = YES;
				CLANG_WARN_UNGUARDED_AVAILABILITY = YES_AGGRESSIVE;
				CLANG_WARN_UNREACHABLE_CODE = YES;
				CLANG_WARN__DUPLICATE_METHOD_MATCH = YES;
				CODE_SIGN_IDENTITY = "Mac Developer";
				COPY_PHASE_STRIP = NO;
				DEBUG_INFORMATION_FORMAT = dwarf;
				ENABLE_STRICT_OBJC_MSGSEND = YES;
				ENABLE_TESTABILITY = YES;
				GCC_C_LANGUAGE_STANDARD = gnu11;
				GCC_DYNAMIC_NO_PIC = NO;
				GCC_NO_COMMON_BLOCKS = YES;
				GCC_OPTIMIZATION_LEVEL = 0;
				GCC_PREPROCESSOR_DEFINITIONS = (
					"DEBUG=1",
					"$(inherited)",
				);
				GCC_WARN_64_TO_32_BIT_CONVERSION = YES;
				GCC_WARN_ABOUT_RETURN_TYPE = YES_ERROR;
				GCC_WARN_UNDECLARED_SELECTOR = YES;
				GCC_WARN_UNINITIALIZED_AUTOS = YES_AGGRESSIVE;
				GCC_WARN_UNUSED_FUNCTION = YES;
				GCC_WARN_UNUSED_VARIABLE = YES;
				IPHONEOS_DEPLOYMENT_TARGET = 12.0;
				MACOSX_DEPLOYMENT_TARGET = 10.15;
				MTL_ENABLE_DEBUG_INFO = YES;
				ONLY_ACTIVE_ARCH = YES;
				SDKROOT = macosx;
				SWIFT_ACTIVE_COMPILATION_CONDITIONS = DEBUG;
				SWIFT_OPTIMIZATION_LEVEL = "-Onone";
				SWIFT_VERSION = 4.2;
			};
			name = Debug;
		};
		27448B4820170ABA001FC925 /* Release */ = {
			isa = XCBuildConfiguration;
			buildSettings = {
				ALWAYS_SEARCH_USER_PATHS = NO;
				CLANG_ANALYZER_NONNULL = YES;
				CLANG_ANALYZER_NUMBER_OBJECT_CONVERSION = YES_AGGRESSIVE;
				CLANG_CXX_LANGUAGE_STANDARD = "gnu++14";
				CLANG_CXX_LIBRARY = "libc++";
				CLANG_ENABLE_MODULES = YES;
				CLANG_ENABLE_OBJC_ARC = YES;
				CLANG_WARN_BLOCK_CAPTURE_AUTORELEASING = YES;
				CLANG_WARN_BOOL_CONVERSION = YES;
				CLANG_WARN_COMMA = YES;
				CLANG_WARN_CONSTANT_CONVERSION = YES;
				CLANG_WARN_DEPRECATED_OBJC_IMPLEMENTATIONS = YES;
				CLANG_WARN_DIRECT_OBJC_ISA_USAGE = YES_ERROR;
				CLANG_WARN_DOCUMENTATION_COMMENTS = YES;
				CLANG_WARN_EMPTY_BODY = YES;
				CLANG_WARN_ENUM_CONVERSION = YES;
				CLANG_WARN_INFINITE_RECURSION = YES;
				CLANG_WARN_INT_CONVERSION = YES;
				CLANG_WARN_NON_LITERAL_NULL_CONVERSION = YES;
				CLANG_WARN_OBJC_IMPLICIT_RETAIN_SELF = YES;
				CLANG_WARN_OBJC_LITERAL_CONVERSION = YES;
				CLANG_WARN_OBJC_ROOT_CLASS = YES_ERROR;
				CLANG_WARN_QUOTED_INCLUDE_IN_FRAMEWORK_HEADER = YES;
				CLANG_WARN_RANGE_LOOP_ANALYSIS = YES;
				CLANG_WARN_STRICT_PROTOTYPES = YES;
				CLANG_WARN_SUSPICIOUS_MOVE = YES;
				CLANG_WARN_UNGUARDED_AVAILABILITY = YES_AGGRESSIVE;
				CLANG_WARN_UNREACHABLE_CODE = YES;
				CLANG_WARN__DUPLICATE_METHOD_MATCH = YES;
				CODE_SIGN_IDENTITY = "Mac Developer";
				COPY_PHASE_STRIP = NO;
				DEBUG_INFORMATION_FORMAT = "dwarf-with-dsym";
				ENABLE_NS_ASSERTIONS = NO;
				ENABLE_STRICT_OBJC_MSGSEND = YES;
				GCC_C_LANGUAGE_STANDARD = gnu11;
				GCC_NO_COMMON_BLOCKS = YES;
				GCC_WARN_64_TO_32_BIT_CONVERSION = YES;
				GCC_WARN_ABOUT_RETURN_TYPE = YES_ERROR;
				GCC_WARN_UNDECLARED_SELECTOR = YES;
				GCC_WARN_UNINITIALIZED_AUTOS = YES_AGGRESSIVE;
				GCC_WARN_UNUSED_FUNCTION = YES;
				GCC_WARN_UNUSED_VARIABLE = YES;
				IPHONEOS_DEPLOYMENT_TARGET = 12.0;
				MACOSX_DEPLOYMENT_TARGET = 10.15;
				MTL_ENABLE_DEBUG_INFO = NO;
				SDKROOT = macosx;
				SWIFT_COMPILATION_MODE = wholemodule;
				SWIFT_OPTIMIZATION_LEVEL = "-O";
				SWIFT_VERSION = 4.2;
			};
			name = Release;
		};
		27448B4A20170ABA001FC925 /* Debug */ = {
			isa = XCBuildConfiguration;
			buildSettings = {
				ASSETCATALOG_COMPILER_APPICON_NAME = AppIcon;
				CODE_SIGN_ENTITLEMENTS = WebShellExsample.entitlements;
				CODE_SIGN_IDENTITY = "-";
				CODE_SIGN_STYLE = Automatic;
				COMBINE_HIDPI_IMAGES = YES;
				DEVELOPMENT_TEAM = A272626J38;
				INFOPLIST_FILE = CCCHOOO/Info.plist;
				LD_RUNPATH_SEARCH_PATHS = (
					"$(inherited)",
					"@executable_path/../Frameworks",
				);
				PRODUCT_BUNDLE_IDENTIFIER = com.ascp.CCCHOOO;
				PRODUCT_NAME = "$(TARGET_NAME)";
				SWIFT_VERSION = 5.0;
			};
			name = Debug;
		};
		27448B4B20170ABA001FC925 /* Release */ = {
			isa = XCBuildConfiguration;
			buildSettings = {
				ASSETCATALOG_COMPILER_APPICON_NAME = AppIcon;
				CODE_SIGN_ENTITLEMENTS = WebShellExsample.entitlements;
				CODE_SIGN_IDENTITY = "-";
				CODE_SIGN_STYLE = Automatic;
				COMBINE_HIDPI_IMAGES = YES;
				DEVELOPMENT_TEAM = A272626J38;
				INFOPLIST_FILE = CCCHOOO/Info.plist;
				LD_RUNPATH_SEARCH_PATHS = (
					"$(inherited)",
					"@executable_path/../Frameworks",
				);
				PRODUCT_BUNDLE_IDENTIFIER = com.ascp.CCCHOOO;
				PRODUCT_NAME = "$(TARGET_NAME)";
				SWIFT_VERSION = 5.0;
			};
			name = Release;
		};
/* End XCBuildConfiguration section */

/* Begin XCConfigurationList section */
		242C07322371E94D0037D3C2 /* Build configuration list for PBXNativeTarget "WebShell" */ = {
			isa = XCConfigurationList;
			buildConfigurations = (
				242C07332371E94D0037D3C2 /* Debug */,
				242C07342371E94D0037D3C2 /* Release */,
			);
			defaultConfigurationIsVisible = 0;
			defaultConfigurationName = Release;
		};
		24E60F1E21D66181007AB419 /* Build configuration list for PBXNativeTarget "WebShellCoreTests" */ = {
			isa = XCConfigurationList;
			buildConfigurations = (
				24E60F1F21D66181007AB419 /* Debug */,
				24E60F2021D66181007AB419 /* Release */,
			);
			defaultConfigurationIsVisible = 0;
			defaultConfigurationName = Release;
		};
		27448B1E20170ABA001FC925 /* Build configuration list for PBXProject "WebShellExsample" */ = {
			isa = XCConfigurationList;
			buildConfigurations = (
				27448B4720170ABA001FC925 /* Debug */,
				27448B4820170ABA001FC925 /* Release */,
			);
			defaultConfigurationIsVisible = 0;
			defaultConfigurationName = Release;
		};
		27448B4920170ABA001FC925 /* Build configuration list for PBXNativeTarget "WebShellExsample" */ = {
			isa = XCConfigurationList;
			buildConfigurations = (
				27448B4A20170ABA001FC925 /* Debug */,
				27448B4B20170ABA001FC925 /* Release */,
			);
			defaultConfigurationIsVisible = 0;
			defaultConfigurationName = Release;
		};
/* End XCConfigurationList section */

/* Begin XCRemoteSwiftPackageReference section */
		63FE01E8249CB97200E32599 /* XCRemoteSwiftPackageReference "SwiftSoup" */ = {
			isa = XCRemoteSwiftPackageReference;
			repositoryURL = "https://github.com/scinfu/SwiftSoup";
			requirement = {
				kind = upToNextMajorVersion;
				minimumVersion = 2.3.2;
			};
		};
/* End XCRemoteSwiftPackageReference section */

/* Begin XCSwiftPackageProductDependency section */
		63FE01E9249CB97200E32599 /* SwiftSoup */ = {
			isa = XCSwiftPackageProductDependency;
			package = 63FE01E8249CB97200E32599 /* XCRemoteSwiftPackageReference "SwiftSoup" */;
			productName = SwiftSoup;
		};
/* End XCSwiftPackageProductDependency section */
	};
	rootObject = 27448B1B20170ABA001FC925 /* Project object */;
}
