// !$*UTF8*$!
{
	archiveVersion = 1;
	classes = {
	};
	objectVersion = 48;
	objects = {

/* Begin PBXBuildFile section */
		27448B2720170ABA001FC925 /* AppDelegate.swift in Sources */ = {isa = PBXBuildFile; fileRef = 27448B2620170ABA001FC925 /* AppDelegate.swift */; };
		27448B2920170ABA001FC925 /* ViewController.swift in Sources */ = {isa = PBXBuildFile; fileRef = 27448B2820170ABA001FC925 /* ViewController.swift */; };
		27448B2B20170ABA001FC925 /* Assets.xcassets in Resources */ = {isa = PBXBuildFile; fileRef = 27448B2A20170ABA001FC925 /* Assets.xcassets */; };
		27448B2E20170ABA001FC925 /* Main.storyboard in Resources */ = {isa = PBXBuildFile; fileRef = 27448B2C20170ABA001FC925 /* Main.storyboard */; };
		27448B3A20170ABA001FC925 /* CCCHOOOTests.swift in Sources */ = {isa = PBXBuildFile; fileRef = 27448B3920170ABA001FC925 /* CCCHOOOTests.swift */; };
		27448B4520170ABA001FC925 /* CCCHOOOUITests.swift in Sources */ = {isa = PBXBuildFile; fileRef = 27448B4420170ABA001FC925 /* CCCHOOOUITests.swift */; };
		2745A3C2209175510060F237 /* Feemoo.swift in Sources */ = {isa = PBXBuildFile; fileRef = 27E4C12E2037011E0003A38D /* Feemoo.swift */; };
		2745A3C3209175520060F237 /* Feemoo.swift in Sources */ = {isa = PBXBuildFile; fileRef = 27E4C12E2037011E0003A38D /* Feemoo.swift */; };
		2749698D20887048009A1E1B /* PCDownloadTask.swift in Sources */ = {isa = PBXBuildFile; fileRef = 2749698920886BBE009A1E1B /* PCDownloadTask.swift */; };
		2749698E20887048009A1E1B /* PCDownloadManager.swift in Sources */ = {isa = PBXBuildFile; fileRef = 2749698B20886F9B009A1E1B /* PCDownloadManager.swift */; };
		2749698F20887048009A1E1B /* PCDownloadTask.swift in Sources */ = {isa = PBXBuildFile; fileRef = 2749698920886BBE009A1E1B /* PCDownloadTask.swift */; };
		2749699020887048009A1E1B /* PCDownloadManager.swift in Sources */ = {isa = PBXBuildFile; fileRef = 2749698B20886F9B009A1E1B /* PCDownloadManager.swift */; };
		2749699320888222009A1E1B /* PCPipline.swift in Sources */ = {isa = PBXBuildFile; fileRef = 2749699120888113009A1E1B /* PCPipline.swift */; };
		2749699420888223009A1E1B /* PCPipline.swift in Sources */ = {isa = PBXBuildFile; fileRef = 2749699120888113009A1E1B /* PCPipline.swift */; };
		2749699720897EC5009A1E1B /* PCWebRiffle.swift in Sources */ = {isa = PBXBuildFile; fileRef = 2749699520897CAB009A1E1B /* PCWebRiffle.swift */; };
		2749699820897EC5009A1E1B /* PCWebRiffle.swift in Sources */ = {isa = PBXBuildFile; fileRef = 2749699520897CAB009A1E1B /* PCWebRiffle.swift */; };
		274969A020899A64009A1E1B /* PCWebBullet.swift in Sources */ = {isa = PBXBuildFile; fileRef = 2749699E20899A60009A1E1B /* PCWebBullet.swift */; };
		274969A120899A65009A1E1B /* PCWebBullet.swift in Sources */ = {isa = PBXBuildFile; fileRef = 2749699E20899A60009A1E1B /* PCWebBullet.swift */; };
		277C8430204652C500D7B2B1 /* Four.mlmodel in Sources */ = {isa = PBXBuildFile; fileRef = 277C842F204652C500D7B2B1 /* Four.mlmodel */; };
		277C8432204652F700D7B2B1 /* VCMLParser.swift in Sources */ = {isa = PBXBuildFile; fileRef = 277C8431204652F700D7B2B1 /* VCMLParser.swift */; };
		277C84352046A02200D7B2B1 /* ImageMaker.swift in Sources */ = {isa = PBXBuildFile; fileRef = 277C84342046A02200D7B2B1 /* ImageMaker.swift */; };
		277C843F2046A45B00D7B2B1 /* WebShell_iOS.h in Headers */ = {isa = PBXBuildFile; fileRef = 277C843D2046A45B00D7B2B1 /* WebShell_iOS.h */; settings = {ATTRIBUTES = (Public, ); }; };
		277C84472046A49500D7B2B1 /* ImageMaker.swift in Sources */ = {isa = PBXBuildFile; fileRef = 277C84342046A02200D7B2B1 /* ImageMaker.swift */; };
		277C84482046A49500D7B2B1 /* Four.mlmodel in Sources */ = {isa = PBXBuildFile; fileRef = 277C842F204652C500D7B2B1 /* Four.mlmodel */; };
		277C84492046A49500D7B2B1 /* VCMLParser.swift in Sources */ = {isa = PBXBuildFile; fileRef = 277C8431204652F700D7B2B1 /* VCMLParser.swift */; };
		277C84522046A49500D7B2B1 /* Ccchooo.swift in Sources */ = {isa = PBXBuildFile; fileRef = 27C9DBB520413F7300A87E9E /* Ccchooo.swift */; };
		277C84532046A49500D7B2B1 /* 666pan.js in Resources */ = {isa = PBXBuildFile; fileRef = 277BFBD7203EA974009EE51B /* 666pan.js */; };
		277C84542046A49500D7B2B1 /* feemoo.js in Resources */ = {isa = PBXBuildFile; fileRef = 27E4C130203703610003A38D /* feemoo.js */; };
		277C84552046A49500D7B2B1 /* ccchooo.js in Resources */ = {isa = PBXBuildFile; fileRef = 27448B592018387A001FC925 /* ccchooo.js */; };
		277C845F2047971D00D7B2B1 /* AppDelegate.swift in Sources */ = {isa = PBXBuildFile; fileRef = 277C845E2047971D00D7B2B1 /* AppDelegate.swift */; };
		277C84612047971D00D7B2B1 /* ViewController.swift in Sources */ = {isa = PBXBuildFile; fileRef = 277C84602047971D00D7B2B1 /* ViewController.swift */; };
		277C84642047971D00D7B2B1 /* Main.storyboard in Resources */ = {isa = PBXBuildFile; fileRef = 277C84622047971D00D7B2B1 /* Main.storyboard */; };
		277C84662047971D00D7B2B1 /* Assets.xcassets in Resources */ = {isa = PBXBuildFile; fileRef = 277C84652047971D00D7B2B1 /* Assets.xcassets */; };
		277C84692047971D00D7B2B1 /* LaunchScreen.storyboard in Resources */ = {isa = PBXBuildFile; fileRef = 277C84672047971D00D7B2B1 /* LaunchScreen.storyboard */; };
		277C84742047971D00D7B2B1 /* WebShellExample_iOSTests.swift in Sources */ = {isa = PBXBuildFile; fileRef = 277C84732047971D00D7B2B1 /* WebShellExample_iOSTests.swift */; };
		277C847F2047971E00D7B2B1 /* WebShellExample_iOSUITests.swift in Sources */ = {isa = PBXBuildFile; fileRef = 277C847E2047971D00D7B2B1 /* WebShellExample_iOSUITests.swift */; };
		277C848C204797A400D7B2B1 /* WebShell_iOS.framework in Frameworks */ = {isa = PBXBuildFile; fileRef = 277C843B2046A45A00D7B2B1 /* WebShell_iOS.framework */; };
		277C848D204797A400D7B2B1 /* WebShell_iOS.framework in Embed Frameworks */ = {isa = PBXBuildFile; fileRef = 277C843B2046A45A00D7B2B1 /* WebShell_iOS.framework */; settings = {ATTRIBUTES = (CodeSignOnCopy, RemoveHeadersOnCopy, ); }; };
		277C849020479F3100D7B2B1 /* FileCoordinator.swift in Sources */ = {isa = PBXBuildFile; fileRef = 277C848F20479F3100D7B2B1 /* FileCoordinator.swift */; };
		277C84912047A0BB00D7B2B1 /* FileCoordinator.swift in Sources */ = {isa = PBXBuildFile; fileRef = 277C848F20479F3100D7B2B1 /* FileCoordinator.swift */; };
		27C9DBB220410E9700A87E9E /* 0a1f-26-01-37.png in Resources */ = {isa = PBXBuildFile; fileRef = 27C9DBB120410E9700A87E9E /* 0a1f-26-01-37.png */; };
		27C9DBC5204146A100A87E9E /* WebShell.framework in Frameworks */ = {isa = PBXBuildFile; fileRef = 27C9DBBC204146A100A87E9E /* WebShell.framework */; };
		27C9DBCC204146A100A87E9E /* WebShellTests.swift in Sources */ = {isa = PBXBuildFile; fileRef = 27C9DBCB204146A100A87E9E /* WebShellTests.swift */; };
		27C9DBCE204146A100A87E9E /* WebShell.h in Headers */ = {isa = PBXBuildFile; fileRef = 27C9DBBE204146A100A87E9E /* WebShell.h */; settings = {ATTRIBUTES = (Public, ); }; };
		27C9DBD1204146A100A87E9E /* WebShell.framework in Frameworks */ = {isa = PBXBuildFile; fileRef = 27C9DBBC204146A100A87E9E /* WebShell.framework */; };
		27C9DBD2204146A100A87E9E /* WebShell.framework in Embed Frameworks */ = {isa = PBXBuildFile; fileRef = 27C9DBBC204146A100A87E9E /* WebShell.framework */; settings = {ATTRIBUTES = (CodeSignOnCopy, RemoveHeadersOnCopy, ); }; };
		27C9DBDF2041474900A87E9E /* VerifyCodeView.swift in Sources */ = {isa = PBXBuildFile; fileRef = 27C9DBAD204105B000A87E9E /* VerifyCodeView.swift */; };
		27C9DBE02041474900A87E9E /* VerifyCodeViewController.swift in Sources */ = {isa = PBXBuildFile; fileRef = 27C9DBAF2041094500A87E9E /* VerifyCodeViewController.swift */; };
		27C9DBE12041474900A87E9E /* VerifyCodeViewController.xib in Resources */ = {isa = PBXBuildFile; fileRef = 27C9DBB320410F0900A87E9E /* VerifyCodeViewController.xib */; };
		27C9DBE42041475300A87E9E /* 666pan.js in Resources */ = {isa = PBXBuildFile; fileRef = 277BFBD7203EA974009EE51B /* 666pan.js */; };
		27C9DBE52041475300A87E9E /* feemoo.js in Resources */ = {isa = PBXBuildFile; fileRef = 27E4C130203703610003A38D /* feemoo.js */; };
		27C9DBE62041475300A87E9E /* ccchooo.js in Resources */ = {isa = PBXBuildFile; fileRef = 27448B592018387A001FC925 /* ccchooo.js */; };
		27C9DBE92041495A00A87E9E /* Ccchooo.swift in Sources */ = {isa = PBXBuildFile; fileRef = 27C9DBB520413F7300A87E9E /* Ccchooo.swift */; };
		27FD7CE72091B5B00098F0EE /* Pan666.swift in Sources */ = {isa = PBXBuildFile; fileRef = 277BFBD5203EA876009EE51B /* Pan666.swift */; };
		27FD7CE82091B5B10098F0EE /* Pan666.swift in Sources */ = {isa = PBXBuildFile; fileRef = 277BFBD5203EA876009EE51B /* Pan666.swift */; };
/* End PBXBuildFile section */

/* Begin PBXContainerItemProxy section */
		27448B3620170ABA001FC925 /* PBXContainerItemProxy */ = {
			isa = PBXContainerItemProxy;
			containerPortal = 27448B1B20170ABA001FC925 /* Project object */;
			proxyType = 1;
			remoteGlobalIDString = 27448B2220170ABA001FC925;
			remoteInfo = CCCHOOO;
		};
		27448B4120170ABA001FC925 /* PBXContainerItemProxy */ = {
			isa = PBXContainerItemProxy;
			containerPortal = 27448B1B20170ABA001FC925 /* Project object */;
			proxyType = 1;
			remoteGlobalIDString = 27448B2220170ABA001FC925;
			remoteInfo = CCCHOOO;
		};
		277C84702047971D00D7B2B1 /* PBXContainerItemProxy */ = {
			isa = PBXContainerItemProxy;
			containerPortal = 27448B1B20170ABA001FC925 /* Project object */;
			proxyType = 1;
			remoteGlobalIDString = 277C845B2047971D00D7B2B1;
			remoteInfo = "WebShellExample-iOS";
		};
		277C847B2047971D00D7B2B1 /* PBXContainerItemProxy */ = {
			isa = PBXContainerItemProxy;
			containerPortal = 27448B1B20170ABA001FC925 /* Project object */;
			proxyType = 1;
			remoteGlobalIDString = 277C845B2047971D00D7B2B1;
			remoteInfo = "WebShellExample-iOS";
		};
		277C848A2047979B00D7B2B1 /* PBXContainerItemProxy */ = {
			isa = PBXContainerItemProxy;
			containerPortal = 27448B1B20170ABA001FC925 /* Project object */;
			proxyType = 1;
			remoteGlobalIDString = 277C843A2046A45A00D7B2B1;
			remoteInfo = "WebShell-iOS";
		};
		27C9DBC6204146A100A87E9E /* PBXContainerItemProxy */ = {
			isa = PBXContainerItemProxy;
			containerPortal = 27448B1B20170ABA001FC925 /* Project object */;
			proxyType = 1;
			remoteGlobalIDString = 27C9DBBB204146A100A87E9E;
			remoteInfo = WebShell;
		};
		27C9DBC8204146A100A87E9E /* PBXContainerItemProxy */ = {
			isa = PBXContainerItemProxy;
			containerPortal = 27448B1B20170ABA001FC925 /* Project object */;
			proxyType = 1;
			remoteGlobalIDString = 27448B2220170ABA001FC925;
			remoteInfo = WebShellExsample;
		};
		27C9DBCF204146A100A87E9E /* PBXContainerItemProxy */ = {
			isa = PBXContainerItemProxy;
			containerPortal = 27448B1B20170ABA001FC925 /* Project object */;
			proxyType = 1;
			remoteGlobalIDString = 27C9DBBB204146A100A87E9E;
			remoteInfo = WebShell;
		};
/* End PBXContainerItemProxy section */

/* Begin PBXCopyFilesBuildPhase section */
		277C848E204797A500D7B2B1 /* Embed Frameworks */ = {
			isa = PBXCopyFilesBuildPhase;
			buildActionMask = 2147483647;
			dstPath = "";
			dstSubfolderSpec = 10;
			files = (
				277C848D204797A400D7B2B1 /* WebShell_iOS.framework in Embed Frameworks */,
			);
			name = "Embed Frameworks";
			runOnlyForDeploymentPostprocessing = 0;
		};
		27C9DBD6204146A100A87E9E /* Embed Frameworks */ = {
			isa = PBXCopyFilesBuildPhase;
			buildActionMask = 2147483647;
			dstPath = "";
			dstSubfolderSpec = 10;
			files = (
				27C9DBD2204146A100A87E9E /* WebShell.framework in Embed Frameworks */,
			);
			name = "Embed Frameworks";
			runOnlyForDeploymentPostprocessing = 0;
		};
/* End PBXCopyFilesBuildPhase section */

/* Begin PBXFileReference section */
		2730DEB42043DB4F009B4B87 /* Pipeline.swift */ = {isa = PBXFileReference; lastKnownFileType = sourcecode.swift; path = Pipeline.swift; sourceTree = "<group>"; };
		27448B2320170ABA001FC925 /* WebShellExsample.app */ = {isa = PBXFileReference; explicitFileType = wrapper.application; includeInIndex = 0; path = WebShellExsample.app; sourceTree = BUILT_PRODUCTS_DIR; };
		27448B2620170ABA001FC925 /* AppDelegate.swift */ = {isa = PBXFileReference; lastKnownFileType = sourcecode.swift; path = AppDelegate.swift; sourceTree = "<group>"; };
		27448B2820170ABA001FC925 /* ViewController.swift */ = {isa = PBXFileReference; lastKnownFileType = sourcecode.swift; path = ViewController.swift; sourceTree = "<group>"; };
		27448B2A20170ABA001FC925 /* Assets.xcassets */ = {isa = PBXFileReference; lastKnownFileType = folder.assetcatalog; path = Assets.xcassets; sourceTree = "<group>"; };
		27448B2D20170ABA001FC925 /* Base */ = {isa = PBXFileReference; lastKnownFileType = file.storyboard; name = Base; path = Base.lproj/Main.storyboard; sourceTree = "<group>"; };
		27448B2F20170ABA001FC925 /* Info.plist */ = {isa = PBXFileReference; lastKnownFileType = text.plist.xml; path = Info.plist; sourceTree = "<group>"; };
		27448B3020170ABA001FC925 /* CCCHOOO.entitlements */ = {isa = PBXFileReference; lastKnownFileType = text.plist.entitlements; path = CCCHOOO.entitlements; sourceTree = "<group>"; };
		27448B3520170ABA001FC925 /* WebShellExsampleTests.xctest */ = {isa = PBXFileReference; explicitFileType = wrapper.cfbundle; includeInIndex = 0; path = WebShellExsampleTests.xctest; sourceTree = BUILT_PRODUCTS_DIR; };
		27448B3920170ABA001FC925 /* CCCHOOOTests.swift */ = {isa = PBXFileReference; lastKnownFileType = sourcecode.swift; path = CCCHOOOTests.swift; sourceTree = "<group>"; };
		27448B3B20170ABA001FC925 /* Info.plist */ = {isa = PBXFileReference; lastKnownFileType = text.plist.xml; path = Info.plist; sourceTree = "<group>"; };
		27448B4020170ABA001FC925 /* WebShellExsampleUITests.xctest */ = {isa = PBXFileReference; explicitFileType = wrapper.cfbundle; includeInIndex = 0; path = WebShellExsampleUITests.xctest; sourceTree = BUILT_PRODUCTS_DIR; };
		27448B4420170ABA001FC925 /* CCCHOOOUITests.swift */ = {isa = PBXFileReference; lastKnownFileType = sourcecode.swift; path = CCCHOOOUITests.swift; sourceTree = "<group>"; };
		27448B4620170ABA001FC925 /* Info.plist */ = {isa = PBXFileReference; lastKnownFileType = text.plist.xml; path = Info.plist; sourceTree = "<group>"; };
		27448B522017112D001FC925 /* WebBullet.swift */ = {isa = PBXFileReference; lastKnownFileType = sourcecode.swift; path = WebBullet.swift; sourceTree = "<group>"; };
		27448B5420176CFE001FC925 /* DownloadManager.swift */ = {isa = PBXFileReference; lastKnownFileType = sourcecode.swift; path = DownloadManager.swift; sourceTree = "<group>"; };
		27448B5620176E34001FC925 /* DownloadTask.swift */ = {isa = PBXFileReference; lastKnownFileType = sourcecode.swift; path = DownloadTask.swift; sourceTree = "<group>"; };
		27448B592018387A001FC925 /* ccchooo.js */ = {isa = PBXFileReference; fileEncoding = 4; lastKnownFileType = sourcecode.javascript; path = ccchooo.js; sourceTree = "<group>"; };
		2749698920886BBE009A1E1B /* PCDownloadTask.swift */ = {isa = PBXFileReference; lastKnownFileType = sourcecode.swift; path = PCDownloadTask.swift; sourceTree = "<group>"; };
		2749698B20886F9B009A1E1B /* PCDownloadManager.swift */ = {isa = PBXFileReference; lastKnownFileType = sourcecode.swift; path = PCDownloadManager.swift; sourceTree = "<group>"; };
		2749699120888113009A1E1B /* PCPipline.swift */ = {isa = PBXFileReference; lastKnownFileType = sourcecode.swift; path = PCPipline.swift; sourceTree = "<group>"; };
		2749699520897CAB009A1E1B /* PCWebRiffle.swift */ = {isa = PBXFileReference; lastKnownFileType = sourcecode.swift; path = PCWebRiffle.swift; sourceTree = "<group>"; };
		2749699E20899A60009A1E1B /* PCWebBullet.swift */ = {isa = PBXFileReference; lastKnownFileType = sourcecode.swift; path = PCWebBullet.swift; sourceTree = "<group>"; };
		277BFBD5203EA876009EE51B /* Pan666.swift */ = {isa = PBXFileReference; lastKnownFileType = sourcecode.swift; path = Pan666.swift; sourceTree = "<group>"; };
		277BFBD7203EA974009EE51B /* 666pan.js */ = {isa = PBXFileReference; fileEncoding = 4; lastKnownFileType = sourcecode.javascript; path = 666pan.js; sourceTree = "<group>"; };
		277C842F204652C500D7B2B1 /* Four.mlmodel */ = {isa = PBXFileReference; lastKnownFileType = file.mlmodel; path = Four.mlmodel; sourceTree = "<group>"; };
		277C8431204652F700D7B2B1 /* VCMLParser.swift */ = {isa = PBXFileReference; lastKnownFileType = sourcecode.swift; path = VCMLParser.swift; sourceTree = "<group>"; };
		277C84342046A02200D7B2B1 /* ImageMaker.swift */ = {isa = PBXFileReference; lastKnownFileType = sourcecode.swift; path = ImageMaker.swift; sourceTree = "<group>"; };
		277C843B2046A45A00D7B2B1 /* WebShell_iOS.framework */ = {isa = PBXFileReference; explicitFileType = wrapper.framework; includeInIndex = 0; path = WebShell_iOS.framework; sourceTree = BUILT_PRODUCTS_DIR; };
		277C843D2046A45B00D7B2B1 /* WebShell_iOS.h */ = {isa = PBXFileReference; lastKnownFileType = sourcecode.c.h; path = WebShell_iOS.h; sourceTree = "<group>"; };
		277C843E2046A45B00D7B2B1 /* Info.plist */ = {isa = PBXFileReference; lastKnownFileType = text.plist.xml; path = Info.plist; sourceTree = "<group>"; };
		277C845C2047971D00D7B2B1 /* WebShellExample-iOS.app */ = {isa = PBXFileReference; explicitFileType = wrapper.application; includeInIndex = 0; path = "WebShellExample-iOS.app"; sourceTree = BUILT_PRODUCTS_DIR; };
		277C845E2047971D00D7B2B1 /* AppDelegate.swift */ = {isa = PBXFileReference; lastKnownFileType = sourcecode.swift; path = AppDelegate.swift; sourceTree = "<group>"; };
		277C84602047971D00D7B2B1 /* ViewController.swift */ = {isa = PBXFileReference; lastKnownFileType = sourcecode.swift; path = ViewController.swift; sourceTree = "<group>"; };
		277C84632047971D00D7B2B1 /* Base */ = {isa = PBXFileReference; lastKnownFileType = file.storyboard; name = Base; path = Base.lproj/Main.storyboard; sourceTree = "<group>"; };
		277C84652047971D00D7B2B1 /* Assets.xcassets */ = {isa = PBXFileReference; lastKnownFileType = folder.assetcatalog; path = Assets.xcassets; sourceTree = "<group>"; };
		277C84682047971D00D7B2B1 /* Base */ = {isa = PBXFileReference; lastKnownFileType = file.storyboard; name = Base; path = Base.lproj/LaunchScreen.storyboard; sourceTree = "<group>"; };
		277C846A2047971D00D7B2B1 /* Info.plist */ = {isa = PBXFileReference; lastKnownFileType = text.plist.xml; path = Info.plist; sourceTree = "<group>"; };
		277C846F2047971D00D7B2B1 /* WebShellExample-iOSTests.xctest */ = {isa = PBXFileReference; explicitFileType = wrapper.cfbundle; includeInIndex = 0; path = "WebShellExample-iOSTests.xctest"; sourceTree = BUILT_PRODUCTS_DIR; };
		277C84732047971D00D7B2B1 /* WebShellExample_iOSTests.swift */ = {isa = PBXFileReference; lastKnownFileType = sourcecode.swift; path = WebShellExample_iOSTests.swift; sourceTree = "<group>"; };
		277C84752047971D00D7B2B1 /* Info.plist */ = {isa = PBXFileReference; lastKnownFileType = text.plist.xml; path = Info.plist; sourceTree = "<group>"; };
		277C847A2047971D00D7B2B1 /* WebShellExample-iOSUITests.xctest */ = {isa = PBXFileReference; explicitFileType = wrapper.cfbundle; includeInIndex = 0; path = "WebShellExample-iOSUITests.xctest"; sourceTree = BUILT_PRODUCTS_DIR; };
		277C847E2047971D00D7B2B1 /* WebShellExample_iOSUITests.swift */ = {isa = PBXFileReference; lastKnownFileType = sourcecode.swift; path = WebShellExample_iOSUITests.swift; sourceTree = "<group>"; };
		277C84802047971E00D7B2B1 /* Info.plist */ = {isa = PBXFileReference; lastKnownFileType = text.plist.xml; path = Info.plist; sourceTree = "<group>"; };
		277C848F20479F3100D7B2B1 /* FileCoordinator.swift */ = {isa = PBXFileReference; lastKnownFileType = sourcecode.swift; path = FileCoordinator.swift; sourceTree = "<group>"; };
		27C9DBAB2040FAE400A87E9E /* WebRiffle.swift */ = {isa = PBXFileReference; lastKnownFileType = sourcecode.swift; path = WebRiffle.swift; sourceTree = "<group>"; };
		27C9DBAD204105B000A87E9E /* VerifyCodeView.swift */ = {isa = PBXFileReference; lastKnownFileType = sourcecode.swift; path = VerifyCodeView.swift; sourceTree = "<group>"; };
		27C9DBAF2041094500A87E9E /* VerifyCodeViewController.swift */ = {isa = PBXFileReference; lastKnownFileType = sourcecode.swift; path = VerifyCodeViewController.swift; sourceTree = "<group>"; };
		27C9DBB120410E9700A87E9E /* 0a1f-26-01-37.png */ = {isa = PBXFileReference; lastKnownFileType = image.png; path = "0a1f-26-01-37.png"; sourceTree = "<group>"; };
		27C9DBB320410F0900A87E9E /* VerifyCodeViewController.xib */ = {isa = PBXFileReference; lastKnownFileType = file.xib; path = VerifyCodeViewController.xib; sourceTree = "<group>"; };
		27C9DBB520413F7300A87E9E /* Ccchooo.swift */ = {isa = PBXFileReference; lastKnownFileType = sourcecode.swift; path = Ccchooo.swift; sourceTree = "<group>"; };
		27C9DBBC204146A100A87E9E /* WebShell.framework */ = {isa = PBXFileReference; explicitFileType = wrapper.framework; includeInIndex = 0; path = WebShell.framework; sourceTree = BUILT_PRODUCTS_DIR; };
		27C9DBBE204146A100A87E9E /* WebShell.h */ = {isa = PBXFileReference; lastKnownFileType = sourcecode.c.h; path = WebShell.h; sourceTree = "<group>"; };
		27C9DBBF204146A100A87E9E /* Info.plist */ = {isa = PBXFileReference; lastKnownFileType = text.plist.xml; path = Info.plist; sourceTree = "<group>"; };
		27C9DBC4204146A100A87E9E /* WebShellTests.xctest */ = {isa = PBXFileReference; explicitFileType = wrapper.cfbundle; includeInIndex = 0; path = WebShellTests.xctest; sourceTree = BUILT_PRODUCTS_DIR; };
		27C9DBCB204146A100A87E9E /* WebShellTests.swift */ = {isa = PBXFileReference; lastKnownFileType = sourcecode.swift; path = WebShellTests.swift; sourceTree = "<group>"; };
		27C9DBCD204146A100A87E9E /* Info.plist */ = {isa = PBXFileReference; lastKnownFileType = text.plist.xml; path = Info.plist; sourceTree = "<group>"; };
		27E4C12E2037011E0003A38D /* Feemoo.swift */ = {isa = PBXFileReference; lastKnownFileType = sourcecode.swift; path = Feemoo.swift; sourceTree = "<group>"; };
		27E4C130203703610003A38D /* feemoo.js */ = {isa = PBXFileReference; fileEncoding = 4; lastKnownFileType = sourcecode.javascript; path = feemoo.js; sourceTree = "<group>"; };
/* End PBXFileReference section */

/* Begin PBXFrameworksBuildPhase section */
		27448B2020170ABA001FC925 /* Frameworks */ = {
			isa = PBXFrameworksBuildPhase;
			buildActionMask = 2147483647;
			files = (
				27C9DBD1204146A100A87E9E /* WebShell.framework in Frameworks */,
			);
			runOnlyForDeploymentPostprocessing = 0;
		};
		27448B3220170ABA001FC925 /* Frameworks */ = {
			isa = PBXFrameworksBuildPhase;
			buildActionMask = 2147483647;
			files = (
			);
			runOnlyForDeploymentPostprocessing = 0;
		};
		27448B3D20170ABA001FC925 /* Frameworks */ = {
			isa = PBXFrameworksBuildPhase;
			buildActionMask = 2147483647;
			files = (
			);
			runOnlyForDeploymentPostprocessing = 0;
		};
		277C84372046A45A00D7B2B1 /* Frameworks */ = {
			isa = PBXFrameworksBuildPhase;
			buildActionMask = 2147483647;
			files = (
			);
			runOnlyForDeploymentPostprocessing = 0;
		};
		277C84592047971D00D7B2B1 /* Frameworks */ = {
			isa = PBXFrameworksBuildPhase;
			buildActionMask = 2147483647;
			files = (
				277C848C204797A400D7B2B1 /* WebShell_iOS.framework in Frameworks */,
			);
			runOnlyForDeploymentPostprocessing = 0;
		};
		277C846C2047971D00D7B2B1 /* Frameworks */ = {
			isa = PBXFrameworksBuildPhase;
			buildActionMask = 2147483647;
			files = (
			);
			runOnlyForDeploymentPostprocessing = 0;
		};
		277C84772047971D00D7B2B1 /* Frameworks */ = {
			isa = PBXFrameworksBuildPhase;
			buildActionMask = 2147483647;
			files = (
			);
			runOnlyForDeploymentPostprocessing = 0;
		};
		27C9DBB8204146A100A87E9E /* Frameworks */ = {
			isa = PBXFrameworksBuildPhase;
			buildActionMask = 2147483647;
			files = (
			);
			runOnlyForDeploymentPostprocessing = 0;
		};
		27C9DBC1204146A100A87E9E /* Frameworks */ = {
			isa = PBXFrameworksBuildPhase;
			buildActionMask = 2147483647;
			files = (
				27C9DBC5204146A100A87E9E /* WebShell.framework in Frameworks */,
			);
			runOnlyForDeploymentPostprocessing = 0;
		};
/* End PBXFrameworksBuildPhase section */

/* Begin PBXGroup section */
		27448B1A20170ABA001FC925 = {
			isa = PBXGroup;
			children = (
				2749698820886B8D009A1E1B /* PowerCore */,
				27C9DBDA204146D300A87E9E /* Core */,
				27448B2520170ABA001FC925 /* CCCHOOO */,
				27448B3820170ABA001FC925 /* CCCHOOOTests */,
				27448B4320170ABA001FC925 /* CCCHOOOUITests */,
				27C9DBBD204146A100A87E9E /* WebShell */,
				27C9DBCA204146A100A87E9E /* WebShellTests */,
				277C843C2046A45A00D7B2B1 /* WebShell-iOS */,
				277C845D2047971D00D7B2B1 /* WebShellExample-iOS */,
				277C84722047971D00D7B2B1 /* WebShellExample-iOSTests */,
				277C847D2047971D00D7B2B1 /* WebShellExample-iOSUITests */,
				27448B2420170ABA001FC925 /* Products */,
			);
			sourceTree = "<group>";
		};
		27448B2420170ABA001FC925 /* Products */ = {
			isa = PBXGroup;
			children = (
				27448B2320170ABA001FC925 /* WebShellExsample.app */,
				27448B3520170ABA001FC925 /* WebShellExsampleTests.xctest */,
				27448B4020170ABA001FC925 /* WebShellExsampleUITests.xctest */,
				27C9DBBC204146A100A87E9E /* WebShell.framework */,
				27C9DBC4204146A100A87E9E /* WebShellTests.xctest */,
				277C843B2046A45A00D7B2B1 /* WebShell_iOS.framework */,
				277C845C2047971D00D7B2B1 /* WebShellExample-iOS.app */,
				277C846F2047971D00D7B2B1 /* WebShellExample-iOSTests.xctest */,
				277C847A2047971D00D7B2B1 /* WebShellExample-iOSUITests.xctest */,
			);
			name = Products;
			sourceTree = "<group>";
		};
		27448B2520170ABA001FC925 /* CCCHOOO */ = {
			isa = PBXGroup;
			children = (
				27448B2620170ABA001FC925 /* AppDelegate.swift */,
				27448B2820170ABA001FC925 /* ViewController.swift */,
				27448B2A20170ABA001FC925 /* Assets.xcassets */,
				27448B2C20170ABA001FC925 /* Main.storyboard */,
				27448B2F20170ABA001FC925 /* Info.plist */,
				27448B3020170ABA001FC925 /* CCCHOOO.entitlements */,
			);
			path = CCCHOOO;
			sourceTree = "<group>";
		};
		27448B3820170ABA001FC925 /* CCCHOOOTests */ = {
			isa = PBXGroup;
			children = (
				27C9DBB120410E9700A87E9E /* 0a1f-26-01-37.png */,
				27448B3920170ABA001FC925 /* CCCHOOOTests.swift */,
				27448B3B20170ABA001FC925 /* Info.plist */,
			);
			path = CCCHOOOTests;
			sourceTree = "<group>";
		};
		27448B4320170ABA001FC925 /* CCCHOOOUITests */ = {
			isa = PBXGroup;
			children = (
				27448B4420170ABA001FC925 /* CCCHOOOUITests.swift */,
				27448B4620170ABA001FC925 /* Info.plist */,
			);
			path = CCCHOOOUITests;
			sourceTree = "<group>";
		};
		27448B58201837AD001FC925 /* Script */ = {
			isa = PBXGroup;
			children = (
				277BFBD7203EA974009EE51B /* 666pan.js */,
				27E4C130203703610003A38D /* feemoo.js */,
				27448B592018387A001FC925 /* ccchooo.js */,
			);
			path = Script;
			sourceTree = "<group>";
		};
		2749698820886B8D009A1E1B /* PowerCore */ = {
			isa = PBXGroup;
			children = (
				2749698920886BBE009A1E1B /* PCDownloadTask.swift */,
				2749699120888113009A1E1B /* PCPipline.swift */,
				2749698B20886F9B009A1E1B /* PCDownloadManager.swift */,
				2749699520897CAB009A1E1B /* PCWebRiffle.swift */,
				2749699E20899A60009A1E1B /* PCWebBullet.swift */,
			);
			path = PowerCore;
			sourceTree = "<group>";
		};
		277BFBD4203EA85A009EE51B /* 666pan */ = {
			isa = PBXGroup;
			children = (
				277BFBD5203EA876009EE51B /* Pan666.swift */,
			);
			path = 666pan;
			sourceTree = "<group>";
		};
		277C842E204652AA00D7B2B1 /* ML */ = {
			isa = PBXGroup;
			children = (
				277C842F204652C500D7B2B1 /* Four.mlmodel */,
				277C8431204652F700D7B2B1 /* VCMLParser.swift */,
			);
			path = ML;
			sourceTree = "<group>";
		};
		277C84332046A00F00D7B2B1 /* Image */ = {
			isa = PBXGroup;
			children = (
				277C84342046A02200D7B2B1 /* ImageMaker.swift */,
			);
			path = Image;
			sourceTree = "<group>";
		};
		277C843C2046A45A00D7B2B1 /* WebShell-iOS */ = {
			isa = PBXGroup;
			children = (
				277C843D2046A45B00D7B2B1 /* WebShell_iOS.h */,
				277C843E2046A45B00D7B2B1 /* Info.plist */,
			);
			path = "WebShell-iOS";
			sourceTree = "<group>";
		};
		277C845D2047971D00D7B2B1 /* WebShellExample-iOS */ = {
			isa = PBXGroup;
			children = (
				277C845E2047971D00D7B2B1 /* AppDelegate.swift */,
				277C84602047971D00D7B2B1 /* ViewController.swift */,
				277C84622047971D00D7B2B1 /* Main.storyboard */,
				277C84652047971D00D7B2B1 /* Assets.xcassets */,
				277C84672047971D00D7B2B1 /* LaunchScreen.storyboard */,
				277C846A2047971D00D7B2B1 /* Info.plist */,
			);
			path = "WebShellExample-iOS";
			sourceTree = "<group>";
		};
		277C84722047971D00D7B2B1 /* WebShellExample-iOSTests */ = {
			isa = PBXGroup;
			children = (
				277C84732047971D00D7B2B1 /* WebShellExample_iOSTests.swift */,
				277C84752047971D00D7B2B1 /* Info.plist */,
			);
			path = "WebShellExample-iOSTests";
			sourceTree = "<group>";
		};
		277C847D2047971D00D7B2B1 /* WebShellExample-iOSUITests */ = {
			isa = PBXGroup;
			children = (
				277C847E2047971D00D7B2B1 /* WebShellExample_iOSUITests.swift */,
				277C84802047971E00D7B2B1 /* Info.plist */,
			);
			path = "WebShellExample-iOSUITests";
			sourceTree = "<group>";
		};
		27C9DBBD204146A100A87E9E /* WebShell */ = {
			isa = PBXGroup;
			children = (
				27C9DBBE204146A100A87E9E /* WebShell.h */,
				27C9DBBF204146A100A87E9E /* Info.plist */,
			);
			path = WebShell;
			sourceTree = "<group>";
		};
		27C9DBCA204146A100A87E9E /* WebShellTests */ = {
			isa = PBXGroup;
			children = (
				27C9DBCB204146A100A87E9E /* WebShellTests.swift */,
				27C9DBCD204146A100A87E9E /* Info.plist */,
			);
			path = WebShellTests;
			sourceTree = "<group>";
		};
		27C9DBDA204146D300A87E9E /* Core */ = {
			isa = PBXGroup;
			children = (
				277C84332046A00F00D7B2B1 /* Image */,
				277C842E204652AA00D7B2B1 /* ML */,
				2730DEB42043DB4F009B4B87 /* Pipeline.swift */,
				277C848F20479F3100D7B2B1 /* FileCoordinator.swift */,
				27448B522017112D001FC925 /* WebBullet.swift */,
				27C9DBAB2040FAE400A87E9E /* WebRiffle.swift */,
				27C9DBAD204105B000A87E9E /* VerifyCodeView.swift */,
				27C9DBAF2041094500A87E9E /* VerifyCodeViewController.swift */,
				27C9DBB320410F0900A87E9E /* VerifyCodeViewController.xib */,
				27448B5420176CFE001FC925 /* DownloadManager.swift */,
				27448B5620176E34001FC925 /* DownloadTask.swift */,
				27C9DBDC2041472C00A87E9E /* Ccchooox */,
				27448B58201837AD001FC925 /* Script */,
				27E4C12D203701040003A38D /* Feemoo */,
				277BFBD4203EA85A009EE51B /* 666pan */,
			);
			name = Core;
			sourceTree = "<group>";
		};
		27C9DBDC2041472C00A87E9E /* Ccchooox */ = {
			isa = PBXGroup;
			children = (
				27C9DBB520413F7300A87E9E /* Ccchooo.swift */,
			);
			path = Ccchooox;
			sourceTree = "<group>";
		};
		27E4C12D203701040003A38D /* Feemoo */ = {
			isa = PBXGroup;
			children = (
				27E4C12E2037011E0003A38D /* Feemoo.swift */,
			);
			path = Feemoo;
			sourceTree = "<group>";
		};
/* End PBXGroup section */

/* Begin PBXHeadersBuildPhase section */
		277C84382046A45A00D7B2B1 /* Headers */ = {
			isa = PBXHeadersBuildPhase;
			buildActionMask = 2147483647;
			files = (
				277C843F2046A45B00D7B2B1 /* WebShell_iOS.h in Headers */,
			);
			runOnlyForDeploymentPostprocessing = 0;
		};
		27C9DBB9204146A100A87E9E /* Headers */ = {
			isa = PBXHeadersBuildPhase;
			buildActionMask = 2147483647;
			files = (
				27C9DBCE204146A100A87E9E /* WebShell.h in Headers */,
			);
			runOnlyForDeploymentPostprocessing = 0;
		};
/* End PBXHeadersBuildPhase section */

/* Begin PBXNativeTarget section */
		27448B2220170ABA001FC925 /* WebShellExsample */ = {
			isa = PBXNativeTarget;
			buildConfigurationList = 27448B4920170ABA001FC925 /* Build configuration list for PBXNativeTarget "WebShellExsample" */;
			buildPhases = (
				27448B1F20170ABA001FC925 /* Sources */,
				27448B2020170ABA001FC925 /* Frameworks */,
				27448B2120170ABA001FC925 /* Resources */,
				27C9DBD6204146A100A87E9E /* Embed Frameworks */,
			);
			buildRules = (
			);
			dependencies = (
				27C9DBD0204146A100A87E9E /* PBXTargetDependency */,
			);
			name = WebShellExsample;
			productName = CCCHOOO;
			productReference = 27448B2320170ABA001FC925 /* WebShellExsample.app */;
			productType = "com.apple.product-type.application";
		};
		27448B3420170ABA001FC925 /* WebShellExsampleTests */ = {
			isa = PBXNativeTarget;
			buildConfigurationList = 27448B4C20170ABA001FC925 /* Build configuration list for PBXNativeTarget "WebShellExsampleTests" */;
			buildPhases = (
				27448B3120170ABA001FC925 /* Sources */,
				27448B3220170ABA001FC925 /* Frameworks */,
				27448B3320170ABA001FC925 /* Resources */,
			);
			buildRules = (
			);
			dependencies = (
				27448B3720170ABA001FC925 /* PBXTargetDependency */,
			);
			name = WebShellExsampleTests;
			productName = CCCHOOOTests;
			productReference = 27448B3520170ABA001FC925 /* WebShellExsampleTests.xctest */;
			productType = "com.apple.product-type.bundle.unit-test";
		};
		27448B3F20170ABA001FC925 /* WebShellExsampleUITests */ = {
			isa = PBXNativeTarget;
			buildConfigurationList = 27448B4F20170ABA001FC925 /* Build configuration list for PBXNativeTarget "WebShellExsampleUITests" */;
			buildPhases = (
				27448B3C20170ABA001FC925 /* Sources */,
				27448B3D20170ABA001FC925 /* Frameworks */,
				27448B3E20170ABA001FC925 /* Resources */,
			);
			buildRules = (
			);
			dependencies = (
				27448B4220170ABA001FC925 /* PBXTargetDependency */,
			);
			name = WebShellExsampleUITests;
			productName = CCCHOOOUITests;
			productReference = 27448B4020170ABA001FC925 /* WebShellExsampleUITests.xctest */;
			productType = "com.apple.product-type.bundle.ui-testing";
		};
		277C843A2046A45A00D7B2B1 /* WebShell-iOS */ = {
			isa = PBXNativeTarget;
			buildConfigurationList = 277C84442046A45B00D7B2B1 /* Build configuration list for PBXNativeTarget "WebShell-iOS" */;
			buildPhases = (
				277C84362046A45A00D7B2B1 /* Sources */,
				277C84372046A45A00D7B2B1 /* Frameworks */,
				277C84382046A45A00D7B2B1 /* Headers */,
				277C84392046A45A00D7B2B1 /* Resources */,
			);
			buildRules = (
			);
			dependencies = (
			);
			name = "WebShell-iOS";
			productName = "WebShell-iOS";
			productReference = 277C843B2046A45A00D7B2B1 /* WebShell_iOS.framework */;
			productType = "com.apple.product-type.framework";
		};
		277C845B2047971D00D7B2B1 /* WebShellExample-iOS */ = {
			isa = PBXNativeTarget;
			buildConfigurationList = 277C84812047971E00D7B2B1 /* Build configuration list for PBXNativeTarget "WebShellExample-iOS" */;
			buildPhases = (
				277C84582047971D00D7B2B1 /* Sources */,
				277C84592047971D00D7B2B1 /* Frameworks */,
				277C845A2047971D00D7B2B1 /* Resources */,
				277C848E204797A500D7B2B1 /* Embed Frameworks */,
			);
			buildRules = (
			);
			dependencies = (
				277C848B2047979B00D7B2B1 /* PBXTargetDependency */,
			);
			name = "WebShellExample-iOS";
			productName = "WebShellExample-iOS";
			productReference = 277C845C2047971D00D7B2B1 /* WebShellExample-iOS.app */;
			productType = "com.apple.product-type.application";
		};
		277C846E2047971D00D7B2B1 /* WebShellExample-iOSTests */ = {
			isa = PBXNativeTarget;
			buildConfigurationList = 277C84842047971E00D7B2B1 /* Build configuration list for PBXNativeTarget "WebShellExample-iOSTests" */;
			buildPhases = (
				277C846B2047971D00D7B2B1 /* Sources */,
				277C846C2047971D00D7B2B1 /* Frameworks */,
				277C846D2047971D00D7B2B1 /* Resources */,
			);
			buildRules = (
			);
			dependencies = (
				277C84712047971D00D7B2B1 /* PBXTargetDependency */,
			);
			name = "WebShellExample-iOSTests";
			productName = "WebShellExample-iOSTests";
			productReference = 277C846F2047971D00D7B2B1 /* WebShellExample-iOSTests.xctest */;
			productType = "com.apple.product-type.bundle.unit-test";
		};
		277C84792047971D00D7B2B1 /* WebShellExample-iOSUITests */ = {
			isa = PBXNativeTarget;
			buildConfigurationList = 277C84872047971E00D7B2B1 /* Build configuration list for PBXNativeTarget "WebShellExample-iOSUITests" */;
			buildPhases = (
				277C84762047971D00D7B2B1 /* Sources */,
				277C84772047971D00D7B2B1 /* Frameworks */,
				277C84782047971D00D7B2B1 /* Resources */,
			);
			buildRules = (
			);
			dependencies = (
				277C847C2047971D00D7B2B1 /* PBXTargetDependency */,
			);
			name = "WebShellExample-iOSUITests";
			productName = "WebShellExample-iOSUITests";
			productReference = 277C847A2047971D00D7B2B1 /* WebShellExample-iOSUITests.xctest */;
			productType = "com.apple.product-type.bundle.ui-testing";
		};
		27C9DBBB204146A100A87E9E /* WebShell */ = {
			isa = PBXNativeTarget;
			buildConfigurationList = 27C9DBD3204146A100A87E9E /* Build configuration list for PBXNativeTarget "WebShell" */;
			buildPhases = (
				27C9DBB7204146A100A87E9E /* Sources */,
				27C9DBB8204146A100A87E9E /* Frameworks */,
				27C9DBB9204146A100A87E9E /* Headers */,
				27C9DBBA204146A100A87E9E /* Resources */,
			);
			buildRules = (
			);
			dependencies = (
			);
			name = WebShell;
			productName = WebShell;
			productReference = 27C9DBBC204146A100A87E9E /* WebShell.framework */;
			productType = "com.apple.product-type.framework";
		};
		27C9DBC3204146A100A87E9E /* WebShellTests */ = {
			isa = PBXNativeTarget;
			buildConfigurationList = 27C9DBD7204146A100A87E9E /* Build configuration list for PBXNativeTarget "WebShellTests" */;
			buildPhases = (
				27C9DBC0204146A100A87E9E /* Sources */,
				27C9DBC1204146A100A87E9E /* Frameworks */,
				27C9DBC2204146A100A87E9E /* Resources */,
			);
			buildRules = (
			);
			dependencies = (
				27C9DBC7204146A100A87E9E /* PBXTargetDependency */,
				27C9DBC9204146A100A87E9E /* PBXTargetDependency */,
			);
			name = WebShellTests;
			productName = WebShellTests;
			productReference = 27C9DBC4204146A100A87E9E /* WebShellTests.xctest */;
			productType = "com.apple.product-type.bundle.unit-test";
		};
/* End PBXNativeTarget section */

/* Begin PBXProject section */
		27448B1B20170ABA001FC925 /* Project object */ = {
			isa = PBXProject;
			attributes = {
				LastSwiftUpdateCheck = 0920;
				LastUpgradeCheck = 0930;
				ORGANIZATIONNAME = ascp;
				TargetAttributes = {
					27448B2220170ABA001FC925 = {
						CreatedOnToolsVersion = 9.2;
						ProvisioningStyle = Automatic;
					};
					27448B3420170ABA001FC925 = {
						CreatedOnToolsVersion = 9.2;
						ProvisioningStyle = Automatic;
						TestTargetID = 27448B2220170ABA001FC925;
					};
					27448B3F20170ABA001FC925 = {
						CreatedOnToolsVersion = 9.2;
						ProvisioningStyle = Automatic;
						TestTargetID = 27448B2220170ABA001FC925;
					};
					277C843A2046A45A00D7B2B1 = {
						CreatedOnToolsVersion = 9.2;
						ProvisioningStyle = Automatic;
					};
					277C845B2047971D00D7B2B1 = {
						CreatedOnToolsVersion = 9.2;
						ProvisioningStyle = Automatic;
						SystemCapabilities = {
							com.apple.BackgroundModes = {
								enabled = 1;
							};
						};
					};
					277C846E2047971D00D7B2B1 = {
						CreatedOnToolsVersion = 9.2;
						ProvisioningStyle = Automatic;
						TestTargetID = 277C845B2047971D00D7B2B1;
					};
					277C84792047971D00D7B2B1 = {
						CreatedOnToolsVersion = 9.2;
						ProvisioningStyle = Automatic;
						TestTargetID = 277C845B2047971D00D7B2B1;
					};
					27C9DBBB204146A100A87E9E = {
						CreatedOnToolsVersion = 9.2;
						ProvisioningStyle = Automatic;
					};
					27C9DBC3204146A100A87E9E = {
						CreatedOnToolsVersion = 9.2;
						ProvisioningStyle = Automatic;
						TestTargetID = 27448B2220170ABA001FC925;
					};
				};
			};
			buildConfigurationList = 27448B1E20170ABA001FC925 /* Build configuration list for PBXProject "WebShellExsample" */;
			compatibilityVersion = "Xcode 8.0";
			developmentRegion = en;
			hasScannedForEncodings = 0;
			knownRegions = (
				en,
				Base,
			);
			mainGroup = 27448B1A20170ABA001FC925;
			productRefGroup = 27448B2420170ABA001FC925 /* Products */;
			projectDirPath = "";
			projectRoot = "";
			targets = (
				27448B2220170ABA001FC925 /* WebShellExsample */,
				27448B3420170ABA001FC925 /* WebShellExsampleTests */,
				27448B3F20170ABA001FC925 /* WebShellExsampleUITests */,
				27C9DBBB204146A100A87E9E /* WebShell */,
				27C9DBC3204146A100A87E9E /* WebShellTests */,
				277C843A2046A45A00D7B2B1 /* WebShell-iOS */,
				277C845B2047971D00D7B2B1 /* WebShellExample-iOS */,
				277C846E2047971D00D7B2B1 /* WebShellExample-iOSTests */,
				277C84792047971D00D7B2B1 /* WebShellExample-iOSUITests */,
			);
		};
/* End PBXProject section */

/* Begin PBXResourcesBuildPhase section */
		27448B2120170ABA001FC925 /* Resources */ = {
			isa = PBXResourcesBuildPhase;
			buildActionMask = 2147483647;
			files = (
				27C9DBB220410E9700A87E9E /* 0a1f-26-01-37.png in Resources */,
				27448B2B20170ABA001FC925 /* Assets.xcassets in Resources */,
				27448B2E20170ABA001FC925 /* Main.storyboard in Resources */,
			);
			runOnlyForDeploymentPostprocessing = 0;
		};
		27448B3320170ABA001FC925 /* Resources */ = {
			isa = PBXResourcesBuildPhase;
			buildActionMask = 2147483647;
			files = (
			);
			runOnlyForDeploymentPostprocessing = 0;
		};
		27448B3E20170ABA001FC925 /* Resources */ = {
			isa = PBXResourcesBuildPhase;
			buildActionMask = 2147483647;
			files = (
			);
			runOnlyForDeploymentPostprocessing = 0;
		};
		277C84392046A45A00D7B2B1 /* Resources */ = {
			isa = PBXResourcesBuildPhase;
			buildActionMask = 2147483647;
			files = (
				277C84542046A49500D7B2B1 /* feemoo.js in Resources */,
				277C84532046A49500D7B2B1 /* 666pan.js in Resources */,
				277C84552046A49500D7B2B1 /* ccchooo.js in Resources */,
			);
			runOnlyForDeploymentPostprocessing = 0;
		};
		277C845A2047971D00D7B2B1 /* Resources */ = {
			isa = PBXResourcesBuildPhase;
			buildActionMask = 2147483647;
			files = (
				277C84692047971D00D7B2B1 /* LaunchScreen.storyboard in Resources */,
				277C84662047971D00D7B2B1 /* Assets.xcassets in Resources */,
				277C84642047971D00D7B2B1 /* Main.storyboard in Resources */,
			);
			runOnlyForDeploymentPostprocessing = 0;
		};
		277C846D2047971D00D7B2B1 /* Resources */ = {
			isa = PBXResourcesBuildPhase;
			buildActionMask = 2147483647;
			files = (
			);
			runOnlyForDeploymentPostprocessing = 0;
		};
		277C84782047971D00D7B2B1 /* Resources */ = {
			isa = PBXResourcesBuildPhase;
			buildActionMask = 2147483647;
			files = (
			);
			runOnlyForDeploymentPostprocessing = 0;
		};
		27C9DBBA204146A100A87E9E /* Resources */ = {
			isa = PBXResourcesBuildPhase;
			buildActionMask = 2147483647;
			files = (
				27C9DBE52041475300A87E9E /* feemoo.js in Resources */,
				27C9DBE12041474900A87E9E /* VerifyCodeViewController.xib in Resources */,
				27C9DBE42041475300A87E9E /* 666pan.js in Resources */,
				27C9DBE62041475300A87E9E /* ccchooo.js in Resources */,
			);
			runOnlyForDeploymentPostprocessing = 0;
		};
		27C9DBC2204146A100A87E9E /* Resources */ = {
			isa = PBXResourcesBuildPhase;
			buildActionMask = 2147483647;
			files = (
			);
			runOnlyForDeploymentPostprocessing = 0;
		};
/* End PBXResourcesBuildPhase section */

/* Begin PBXSourcesBuildPhase section */
		27448B1F20170ABA001FC925 /* Sources */ = {
			isa = PBXSourcesBuildPhase;
			buildActionMask = 2147483647;
			files = (
				27448B2920170ABA001FC925 /* ViewController.swift in Sources */,
				27448B2720170ABA001FC925 /* AppDelegate.swift in Sources */,
			);
			runOnlyForDeploymentPostprocessing = 0;
		};
		27448B3120170ABA001FC925 /* Sources */ = {
			isa = PBXSourcesBuildPhase;
			buildActionMask = 2147483647;
			files = (
				27448B3A20170ABA001FC925 /* CCCHOOOTests.swift in Sources */,
			);
			runOnlyForDeploymentPostprocessing = 0;
		};
		27448B3C20170ABA001FC925 /* Sources */ = {
			isa = PBXSourcesBuildPhase;
			buildActionMask = 2147483647;
			files = (
				27448B4520170ABA001FC925 /* CCCHOOOUITests.swift in Sources */,
			);
			runOnlyForDeploymentPostprocessing = 0;
		};
		277C84362046A45A00D7B2B1 /* Sources */ = {
			isa = PBXSourcesBuildPhase;
			buildActionMask = 2147483647;
			files = (
				2749699820897EC5009A1E1B /* PCWebRiffle.swift in Sources */,
				27FD7CE82091B5B10098F0EE /* Pan666.swift in Sources */,
				277C84912047A0BB00D7B2B1 /* FileCoordinator.swift in Sources */,
				277C84522046A49500D7B2B1 /* Ccchooo.swift in Sources */,
				274969A120899A65009A1E1B /* PCWebBullet.swift in Sources */,
				277C84492046A49500D7B2B1 /* VCMLParser.swift in Sources */,
				277C84482046A49500D7B2B1 /* Four.mlmodel in Sources */,
				2745A3C3209175520060F237 /* Feemoo.swift in Sources */,
				277C84472046A49500D7B2B1 /* ImageMaker.swift in Sources */,
				2749699020887048009A1E1B /* PCDownloadManager.swift in Sources */,
				2749698F20887048009A1E1B /* PCDownloadTask.swift in Sources */,
			);
			runOnlyForDeploymentPostprocessing = 0;
		};
		277C84582047971D00D7B2B1 /* Sources */ = {
			isa = PBXSourcesBuildPhase;
			buildActionMask = 2147483647;
			files = (
				277C84612047971D00D7B2B1 /* ViewController.swift in Sources */,
				277C845F2047971D00D7B2B1 /* AppDelegate.swift in Sources */,
				2749699420888223009A1E1B /* PCPipline.swift in Sources */,
			);
			runOnlyForDeploymentPostprocessing = 0;
		};
		277C846B2047971D00D7B2B1 /* Sources */ = {
			isa = PBXSourcesBuildPhase;
			buildActionMask = 2147483647;
			files = (
				277C84742047971D00D7B2B1 /* WebShellExample_iOSTests.swift in Sources */,
			);
			runOnlyForDeploymentPostprocessing = 0;
		};
		277C84762047971D00D7B2B1 /* Sources */ = {
			isa = PBXSourcesBuildPhase;
			buildActionMask = 2147483647;
			files = (
				277C847F2047971E00D7B2B1 /* WebShellExample_iOSUITests.swift in Sources */,
			);
			runOnlyForDeploymentPostprocessing = 0;
		};
		27C9DBB7204146A100A87E9E /* Sources */ = {
			isa = PBXSourcesBuildPhase;
			buildActionMask = 2147483647;
			files = (
				27C9DBE02041474900A87E9E /* VerifyCodeViewController.swift in Sources */,
				27C9DBE92041495A00A87E9E /* Ccchooo.swift in Sources */,
				2745A3C2209175510060F237 /* Feemoo.swift in Sources */,
				2749699720897EC5009A1E1B /* PCWebRiffle.swift in Sources */,
				27C9DBDF2041474900A87E9E /* VerifyCodeView.swift in Sources */,
				274969A020899A64009A1E1B /* PCWebBullet.swift in Sources */,
				27FD7CE72091B5B00098F0EE /* Pan666.swift in Sources */,
				277C84352046A02200D7B2B1 /* ImageMaker.swift in Sources */,
				277C8432204652F700D7B2B1 /* VCMLParser.swift in Sources */,
				2749699320888222009A1E1B /* PCPipline.swift in Sources */,
				2749698E20887048009A1E1B /* PCDownloadManager.swift in Sources */,
				277C849020479F3100D7B2B1 /* FileCoordinator.swift in Sources */,
				2749698D20887048009A1E1B /* PCDownloadTask.swift in Sources */,
				277C8430204652C500D7B2B1 /* Four.mlmodel in Sources */,
			);
			runOnlyForDeploymentPostprocessing = 0;
		};
		27C9DBC0204146A100A87E9E /* Sources */ = {
			isa = PBXSourcesBuildPhase;
			buildActionMask = 2147483647;
			files = (
				27C9DBCC204146A100A87E9E /* WebShellTests.swift in Sources */,
			);
			runOnlyForDeploymentPostprocessing = 0;
		};
/* End PBXSourcesBuildPhase section */

/* Begin PBXTargetDependency section */
		27448B3720170ABA001FC925 /* PBXTargetDependency */ = {
			isa = PBXTargetDependency;
			target = 27448B2220170ABA001FC925 /* WebShellExsample */;
			targetProxy = 27448B3620170ABA001FC925 /* PBXContainerItemProxy */;
		};
		27448B4220170ABA001FC925 /* PBXTargetDependency */ = {
			isa = PBXTargetDependency;
			target = 27448B2220170ABA001FC925 /* WebShellExsample */;
			targetProxy = 27448B4120170ABA001FC925 /* PBXContainerItemProxy */;
		};
		277C84712047971D00D7B2B1 /* PBXTargetDependency */ = {
			isa = PBXTargetDependency;
			target = 277C845B2047971D00D7B2B1 /* WebShellExample-iOS */;
			targetProxy = 277C84702047971D00D7B2B1 /* PBXContainerItemProxy */;
		};
		277C847C2047971D00D7B2B1 /* PBXTargetDependency */ = {
			isa = PBXTargetDependency;
			target = 277C845B2047971D00D7B2B1 /* WebShellExample-iOS */;
			targetProxy = 277C847B2047971D00D7B2B1 /* PBXContainerItemProxy */;
		};
		277C848B2047979B00D7B2B1 /* PBXTargetDependency */ = {
			isa = PBXTargetDependency;
			target = 277C843A2046A45A00D7B2B1 /* WebShell-iOS */;
			targetProxy = 277C848A2047979B00D7B2B1 /* PBXContainerItemProxy */;
		};
		27C9DBC7204146A100A87E9E /* PBXTargetDependency */ = {
			isa = PBXTargetDependency;
			target = 27C9DBBB204146A100A87E9E /* WebShell */;
			targetProxy = 27C9DBC6204146A100A87E9E /* PBXContainerItemProxy */;
		};
		27C9DBC9204146A100A87E9E /* PBXTargetDependency */ = {
			isa = PBXTargetDependency;
			target = 27448B2220170ABA001FC925 /* WebShellExsample */;
			targetProxy = 27C9DBC8204146A100A87E9E /* PBXContainerItemProxy */;
		};
		27C9DBD0204146A100A87E9E /* PBXTargetDependency */ = {
			isa = PBXTargetDependency;
			target = 27C9DBBB204146A100A87E9E /* WebShell */;
			targetProxy = 27C9DBCF204146A100A87E9E /* PBXContainerItemProxy */;
		};
/* End PBXTargetDependency section */

/* Begin PBXVariantGroup section */
		27448B2C20170ABA001FC925 /* Main.storyboard */ = {
			isa = PBXVariantGroup;
			children = (
				27448B2D20170ABA001FC925 /* Base */,
			);
			name = Main.storyboard;
			sourceTree = "<group>";
		};
		277C84622047971D00D7B2B1 /* Main.storyboard */ = {
			isa = PBXVariantGroup;
			children = (
				277C84632047971D00D7B2B1 /* Base */,
			);
			name = Main.storyboard;
			sourceTree = "<group>";
		};
		277C84672047971D00D7B2B1 /* LaunchScreen.storyboard */ = {
			isa = PBXVariantGroup;
			children = (
				277C84682047971D00D7B2B1 /* Base */,
			);
			name = LaunchScreen.storyboard;
			sourceTree = "<group>";
		};
/* End PBXVariantGroup section */

/* Begin XCBuildConfiguration section */
		27448B4720170ABA001FC925 /* Debug */ = {
			isa = XCBuildConfiguration;
			buildSettings = {
				ALWAYS_SEARCH_USER_PATHS = NO;
				CLANG_ANALYZER_NONNULL = YES;
				CLANG_ANALYZER_NUMBER_OBJECT_CONVERSION = YES_AGGRESSIVE;
				CLANG_CXX_LANGUAGE_STANDARD = "gnu++14";
				CLANG_CXX_LIBRARY = "libc++";
				CLANG_ENABLE_MODULES = YES;
				CLANG_ENABLE_OBJC_ARC = YES;
				CLANG_WARN_BLOCK_CAPTURE_AUTORELEASING = YES;
				CLANG_WARN_BOOL_CONVERSION = YES;
				CLANG_WARN_COMMA = YES;
				CLANG_WARN_CONSTANT_CONVERSION = YES;
				CLANG_WARN_DEPRECATED_OBJC_IMPLEMENTATIONS = YES;
				CLANG_WARN_DIRECT_OBJC_ISA_USAGE = YES_ERROR;
				CLANG_WARN_DOCUMENTATION_COMMENTS = YES;
				CLANG_WARN_EMPTY_BODY = YES;
				CLANG_WARN_ENUM_CONVERSION = YES;
				CLANG_WARN_INFINITE_RECURSION = YES;
				CLANG_WARN_INT_CONVERSION = YES;
				CLANG_WARN_NON_LITERAL_NULL_CONVERSION = YES;
				CLANG_WARN_OBJC_IMPLICIT_RETAIN_SELF = YES;
				CLANG_WARN_OBJC_LITERAL_CONVERSION = YES;
				CLANG_WARN_OBJC_ROOT_CLASS = YES_ERROR;
				CLANG_WARN_RANGE_LOOP_ANALYSIS = YES;
				CLANG_WARN_STRICT_PROTOTYPES = YES;
				CLANG_WARN_SUSPICIOUS_MOVE = YES;
				CLANG_WARN_UNGUARDED_AVAILABILITY = YES_AGGRESSIVE;
				CLANG_WARN_UNREACHABLE_CODE = YES;
				CLANG_WARN__DUPLICATE_METHOD_MATCH = YES;
				CODE_SIGN_IDENTITY = "Mac Developer";
				COPY_PHASE_STRIP = NO;
				DEBUG_INFORMATION_FORMAT = dwarf;
				ENABLE_STRICT_OBJC_MSGSEND = YES;
				ENABLE_TESTABILITY = YES;
				GCC_C_LANGUAGE_STANDARD = gnu11;
				GCC_DYNAMIC_NO_PIC = NO;
				GCC_NO_COMMON_BLOCKS = YES;
				GCC_OPTIMIZATION_LEVEL = 0;
				GCC_PREPROCESSOR_DEFINITIONS = (
					"DEBUG=1",
					"$(inherited)",
				);
				GCC_WARN_64_TO_32_BIT_CONVERSION = YES;
				GCC_WARN_ABOUT_RETURN_TYPE = YES_ERROR;
				GCC_WARN_UNDECLARED_SELECTOR = YES;
				GCC_WARN_UNINITIALIZED_AUTOS = YES_AGGRESSIVE;
				GCC_WARN_UNUSED_FUNCTION = YES;
				GCC_WARN_UNUSED_VARIABLE = YES;
				IPHONEOS_DEPLOYMENT_TARGET = 11.0;
				MACOSX_DEPLOYMENT_TARGET = 10.13;
				MTL_ENABLE_DEBUG_INFO = YES;
				ONLY_ACTIVE_ARCH = YES;
				SDKROOT = macosx;
				SWIFT_ACTIVE_COMPILATION_CONDITIONS = DEBUG;
				SWIFT_OPTIMIZATION_LEVEL = "-Onone";
			};
			name = Debug;
		};
		27448B4820170ABA001FC925 /* Release */ = {
			isa = XCBuildConfiguration;
			buildSettings = {
				ALWAYS_SEARCH_USER_PATHS = NO;
				CLANG_ANALYZER_NONNULL = YES;
				CLANG_ANALYZER_NUMBER_OBJECT_CONVERSION = YES_AGGRESSIVE;
				CLANG_CXX_LANGUAGE_STANDARD = "gnu++14";
				CLANG_CXX_LIBRARY = "libc++";
				CLANG_ENABLE_MODULES = YES;
				CLANG_ENABLE_OBJC_ARC = YES;
				CLANG_WARN_BLOCK_CAPTURE_AUTORELEASING = YES;
				CLANG_WARN_BOOL_CONVERSION = YES;
				CLANG_WARN_COMMA = YES;
				CLANG_WARN_CONSTANT_CONVERSION = YES;
				CLANG_WARN_DEPRECATED_OBJC_IMPLEMENTATIONS = YES;
				CLANG_WARN_DIRECT_OBJC_ISA_USAGE = YES_ERROR;
				CLANG_WARN_DOCUMENTATION_COMMENTS = YES;
				CLANG_WARN_EMPTY_BODY = YES;
				CLANG_WARN_ENUM_CONVERSION = YES;
				CLANG_WARN_INFINITE_RECURSION = YES;
				CLANG_WARN_INT_CONVERSION = YES;
				CLANG_WARN_NON_LITERAL_NULL_CONVERSION = YES;
				CLANG_WARN_OBJC_IMPLICIT_RETAIN_SELF = YES;
				CLANG_WARN_OBJC_LITERAL_CONVERSION = YES;
				CLANG_WARN_OBJC_ROOT_CLASS = YES_ERROR;
				CLANG_WARN_RANGE_LOOP_ANALYSIS = YES;
				CLANG_WARN_STRICT_PROTOTYPES = YES;
				CLANG_WARN_SUSPICIOUS_MOVE = YES;
				CLANG_WARN_UNGUARDED_AVAILABILITY = YES_AGGRESSIVE;
				CLANG_WARN_UNREACHABLE_CODE = YES;
				CLANG_WARN__DUPLICATE_METHOD_MATCH = YES;
				CODE_SIGN_IDENTITY = "Mac Developer";
				COPY_PHASE_STRIP = NO;
				DEBUG_INFORMATION_FORMAT = "dwarf-with-dsym";
				ENABLE_NS_ASSERTIONS = NO;
				ENABLE_STRICT_OBJC_MSGSEND = YES;
				GCC_C_LANGUAGE_STANDARD = gnu11;
				GCC_NO_COMMON_BLOCKS = YES;
				GCC_WARN_64_TO_32_BIT_CONVERSION = YES;
				GCC_WARN_ABOUT_RETURN_TYPE = YES_ERROR;
				GCC_WARN_UNDECLARED_SELECTOR = YES;
				GCC_WARN_UNINITIALIZED_AUTOS = YES_AGGRESSIVE;
				GCC_WARN_UNUSED_FUNCTION = YES;
				GCC_WARN_UNUSED_VARIABLE = YES;
				IPHONEOS_DEPLOYMENT_TARGET = 11.0;
				MACOSX_DEPLOYMENT_TARGET = 10.13;
				MTL_ENABLE_DEBUG_INFO = NO;
				SDKROOT = macosx;
				SWIFT_OPTIMIZATION_LEVEL = "-Owholemodule";
			};
			name = Release;
		};
		27448B4A20170ABA001FC925 /* Debug */ = {
			isa = XCBuildConfiguration;
			buildSettings = {
				ALWAYS_EMBED_SWIFT_STANDARD_LIBRARIES = YES;
				ASSETCATALOG_COMPILER_APPICON_NAME = AppIcon;
				CODE_SIGN_ENTITLEMENTS = CCCHOOO/CCCHOOO.entitlements;
				CODE_SIGN_STYLE = Automatic;
				COMBINE_HIDPI_IMAGES = YES;
				DEVELOPMENT_TEAM = A272626J38;
				INFOPLIST_FILE = CCCHOOO/Info.plist;
				LD_RUNPATH_SEARCH_PATHS = "$(inherited) @executable_path/../Frameworks";
				PRODUCT_BUNDLE_IDENTIFIER = com.ascp.CCCHOOO;
				PRODUCT_NAME = "$(TARGET_NAME)";
				SWIFT_VERSION = 4.0;
			};
			name = Debug;
		};
		27448B4B20170ABA001FC925 /* Release */ = {
			isa = XCBuildConfiguration;
			buildSettings = {
				ALWAYS_EMBED_SWIFT_STANDARD_LIBRARIES = YES;
				ASSETCATALOG_COMPILER_APPICON_NAME = AppIcon;
				CODE_SIGN_ENTITLEMENTS = CCCHOOO/CCCHOOO.entitlements;
				CODE_SIGN_STYLE = Automatic;
				COMBINE_HIDPI_IMAGES = YES;
				DEVELOPMENT_TEAM = A272626J38;
				INFOPLIST_FILE = CCCHOOO/Info.plist;
				LD_RUNPATH_SEARCH_PATHS = "$(inherited) @executable_path/../Frameworks";
				PRODUCT_BUNDLE_IDENTIFIER = com.ascp.CCCHOOO;
				PRODUCT_NAME = "$(TARGET_NAME)";
				SWIFT_VERSION = 4.0;
			};
			name = Release;
		};
		27448B4D20170ABA001FC925 /* Debug */ = {
			isa = XCBuildConfiguration;
			buildSettings = {
				ALWAYS_EMBED_SWIFT_STANDARD_LIBRARIES = YES;
				BUNDLE_LOADER = "$(TEST_HOST)";
				CODE_SIGN_STYLE = Automatic;
				COMBINE_HIDPI_IMAGES = YES;
				DEVELOPMENT_TEAM = A272626J38;
				INFOPLIST_FILE = CCCHOOOTests/Info.plist;
				LD_RUNPATH_SEARCH_PATHS = "$(inherited) @executable_path/../Frameworks @loader_path/../Frameworks";
				PRODUCT_BUNDLE_IDENTIFIER = com.ascp.CCCHOOOTests;
				PRODUCT_NAME = "$(TARGET_NAME)";
				SWIFT_VERSION = 4.0;
				TEST_HOST = "$(BUILT_PRODUCTS_DIR)/WebShellExsample.app/Contents/MacOS/WebShellExsample";
			};
			name = Debug;
		};
		27448B4E20170ABA001FC925 /* Release */ = {
			isa = XCBuildConfiguration;
			buildSettings = {
				ALWAYS_EMBED_SWIFT_STANDARD_LIBRARIES = YES;
				BUNDLE_LOADER = "$(TEST_HOST)";
				CODE_SIGN_STYLE = Automatic;
				COMBINE_HIDPI_IMAGES = YES;
				DEVELOPMENT_TEAM = A272626J38;
				INFOPLIST_FILE = CCCHOOOTests/Info.plist;
				LD_RUNPATH_SEARCH_PATHS = "$(inherited) @executable_path/../Frameworks @loader_path/../Frameworks";
				PRODUCT_BUNDLE_IDENTIFIER = com.ascp.CCCHOOOTests;
				PRODUCT_NAME = "$(TARGET_NAME)";
				SWIFT_VERSION = 4.0;
				TEST_HOST = "$(BUILT_PRODUCTS_DIR)/WebShellExsample.app/Contents/MacOS/WebShellExsample";
			};
			name = Release;
		};
		27448B5020170ABA001FC925 /* Debug */ = {
			isa = XCBuildConfiguration;
			buildSettings = {
				ALWAYS_EMBED_SWIFT_STANDARD_LIBRARIES = YES;
				CODE_SIGN_STYLE = Automatic;
				COMBINE_HIDPI_IMAGES = YES;
				DEVELOPMENT_TEAM = A272626J38;
				INFOPLIST_FILE = CCCHOOOUITests/Info.plist;
				LD_RUNPATH_SEARCH_PATHS = "$(inherited) @executable_path/../Frameworks @loader_path/../Frameworks";
				PRODUCT_BUNDLE_IDENTIFIER = com.ascp.CCCHOOOUITests;
				PRODUCT_NAME = "$(TARGET_NAME)";
				SWIFT_VERSION = 4.0;
				TEST_TARGET_NAME = CCCHOOO;
			};
			name = Debug;
		};
		27448B5120170ABA001FC925 /* Release */ = {
			isa = XCBuildConfiguration;
			buildSettings = {
				ALWAYS_EMBED_SWIFT_STANDARD_LIBRARIES = YES;
				CODE_SIGN_STYLE = Automatic;
				COMBINE_HIDPI_IMAGES = YES;
				DEVELOPMENT_TEAM = A272626J38;
				INFOPLIST_FILE = CCCHOOOUITests/Info.plist;
				LD_RUNPATH_SEARCH_PATHS = "$(inherited) @executable_path/../Frameworks @loader_path/../Frameworks";
				PRODUCT_BUNDLE_IDENTIFIER = com.ascp.CCCHOOOUITests;
				PRODUCT_NAME = "$(TARGET_NAME)";
				SWIFT_VERSION = 4.0;
				TEST_TARGET_NAME = CCCHOOO;
			};
			name = Release;
		};
		277C84452046A45B00D7B2B1 /* Debug */ = {
			isa = XCBuildConfiguration;
			buildSettings = {
				CODE_SIGN_IDENTITY = "";
				CODE_SIGN_STYLE = Automatic;
				COMBINE_HIDPI_IMAGES = YES;
				CURRENT_PROJECT_VERSION = 1;
				DEFINES_MODULE = YES;
				DEVELOPMENT_TEAM = A272626J38;
				DYLIB_COMPATIBILITY_VERSION = 1;
				DYLIB_CURRENT_VERSION = 1;
				DYLIB_INSTALL_NAME_BASE = "@rpath";
				FRAMEWORK_VERSION = A;
				INFOPLIST_FILE = "WebShell-iOS/Info.plist";
				INSTALL_PATH = "$(LOCAL_LIBRARY_DIR)/Frameworks";
				LD_RUNPATH_SEARCH_PATHS = "$(inherited) @executable_path/../Frameworks @loader_path/Frameworks";
				PRODUCT_BUNDLE_IDENTIFIER = "com.ascp.WebShell-iOS";
				PRODUCT_NAME = "$(TARGET_NAME:c99extidentifier)";
				SDKROOT = iphoneos;
				SKIP_INSTALL = YES;
				SWIFT_VERSION = 4.0;
				VERSIONING_SYSTEM = "apple-generic";
				VERSION_INFO_PREFIX = "";
			};
			name = Debug;
		};
		277C84462046A45B00D7B2B1 /* Release */ = {
			isa = XCBuildConfiguration;
			buildSettings = {
				CODE_SIGN_IDENTITY = "";
				CODE_SIGN_STYLE = Automatic;
				COMBINE_HIDPI_IMAGES = YES;
				CURRENT_PROJECT_VERSION = 1;
				DEFINES_MODULE = YES;
				DEVELOPMENT_TEAM = A272626J38;
				DYLIB_COMPATIBILITY_VERSION = 1;
				DYLIB_CURRENT_VERSION = 1;
				DYLIB_INSTALL_NAME_BASE = "@rpath";
				FRAMEWORK_VERSION = A;
				INFOPLIST_FILE = "WebShell-iOS/Info.plist";
				INSTALL_PATH = "$(LOCAL_LIBRARY_DIR)/Frameworks";
				LD_RUNPATH_SEARCH_PATHS = "$(inherited) @executable_path/../Frameworks @loader_path/Frameworks";
				PRODUCT_BUNDLE_IDENTIFIER = "com.ascp.WebShell-iOS";
				PRODUCT_NAME = "$(TARGET_NAME:c99extidentifier)";
				SDKROOT = iphoneos;
				SKIP_INSTALL = YES;
				SWIFT_VERSION = 4.0;
				VERSIONING_SYSTEM = "apple-generic";
				VERSION_INFO_PREFIX = "";
			};
			name = Release;
		};
		277C84822047971E00D7B2B1 /* Debug */ = {
			isa = XCBuildConfiguration;
			buildSettings = {
				ALWAYS_EMBED_SWIFT_STANDARD_LIBRARIES = YES;
				ASSETCATALOG_COMPILER_APPICON_NAME = AppIcon;
				CODE_SIGN_IDENTITY = "iPhone Developer";
				CODE_SIGN_STYLE = Automatic;
				DEVELOPMENT_TEAM = A272626J38;
				INFOPLIST_FILE = "WebShellExample-iOS/Info.plist";
				IPHONEOS_DEPLOYMENT_TARGET = 11.2;
				LD_RUNPATH_SEARCH_PATHS = "$(inherited) @executable_path/Frameworks";
				PRODUCT_BUNDLE_IDENTIFIER = "com.ascp.WebShellExample-iOS";
				PRODUCT_NAME = "$(TARGET_NAME)";
				SDKROOT = iphoneos;
				SWIFT_VERSION = 4.0;
				TARGETED_DEVICE_FAMILY = "1,2";
			};
			name = Debug;
		};
		277C84832047971E00D7B2B1 /* Release */ = {
			isa = XCBuildConfiguration;
			buildSettings = {
				ALWAYS_EMBED_SWIFT_STANDARD_LIBRARIES = YES;
				ASSETCATALOG_COMPILER_APPICON_NAME = AppIcon;
				CODE_SIGN_IDENTITY = "iPhone Developer";
				CODE_SIGN_STYLE = Automatic;
				DEVELOPMENT_TEAM = A272626J38;
				INFOPLIST_FILE = "WebShellExample-iOS/Info.plist";
				IPHONEOS_DEPLOYMENT_TARGET = 11.2;
				LD_RUNPATH_SEARCH_PATHS = "$(inherited) @executable_path/Frameworks";
				PRODUCT_BUNDLE_IDENTIFIER = "com.ascp.WebShellExample-iOS";
				PRODUCT_NAME = "$(TARGET_NAME)";
				SDKROOT = iphoneos;
				SWIFT_VERSION = 4.0;
				TARGETED_DEVICE_FAMILY = "1,2";
				VALIDATE_PRODUCT = YES;
			};
			name = Release;
		};
		277C84852047971E00D7B2B1 /* Debug */ = {
			isa = XCBuildConfiguration;
			buildSettings = {
				ALWAYS_EMBED_SWIFT_STANDARD_LIBRARIES = YES;
				BUNDLE_LOADER = "$(TEST_HOST)";
				CODE_SIGN_IDENTITY = "iPhone Developer";
				CODE_SIGN_STYLE = Automatic;
				DEVELOPMENT_TEAM = A272626J38;
				INFOPLIST_FILE = "WebShellExample-iOSTests/Info.plist";
				IPHONEOS_DEPLOYMENT_TARGET = 11.2;
				LD_RUNPATH_SEARCH_PATHS = "$(inherited) @executable_path/Frameworks @loader_path/Frameworks";
				PRODUCT_BUNDLE_IDENTIFIER = "com.ascp.WebShellExample-iOSTests";
				PRODUCT_NAME = "$(TARGET_NAME)";
				SDKROOT = iphoneos;
				SWIFT_VERSION = 4.0;
				TARGETED_DEVICE_FAMILY = "1,2";
				TEST_HOST = "$(BUILT_PRODUCTS_DIR)/WebShellExample-iOS.app/WebShellExample-iOS";
			};
			name = Debug;
		};
		277C84862047971E00D7B2B1 /* Release */ = {
			isa = XCBuildConfiguration;
			buildSettings = {
				ALWAYS_EMBED_SWIFT_STANDARD_LIBRARIES = YES;
				BUNDLE_LOADER = "$(TEST_HOST)";
				CODE_SIGN_IDENTITY = "iPhone Developer";
				CODE_SIGN_STYLE = Automatic;
				DEVELOPMENT_TEAM = A272626J38;
				INFOPLIST_FILE = "WebShellExample-iOSTests/Info.plist";
				IPHONEOS_DEPLOYMENT_TARGET = 11.2;
				LD_RUNPATH_SEARCH_PATHS = "$(inherited) @executable_path/Frameworks @loader_path/Frameworks";
				PRODUCT_BUNDLE_IDENTIFIER = "com.ascp.WebShellExample-iOSTests";
				PRODUCT_NAME = "$(TARGET_NAME)";
				SDKROOT = iphoneos;
				SWIFT_VERSION = 4.0;
				TARGETED_DEVICE_FAMILY = "1,2";
				TEST_HOST = "$(BUILT_PRODUCTS_DIR)/WebShellExample-iOS.app/WebShellExample-iOS";
				VALIDATE_PRODUCT = YES;
			};
			name = Release;
		};
		277C84882047971E00D7B2B1 /* Debug */ = {
			isa = XCBuildConfiguration;
			buildSettings = {
				ALWAYS_EMBED_SWIFT_STANDARD_LIBRARIES = YES;
				CODE_SIGN_IDENTITY = "iPhone Developer";
				CODE_SIGN_STYLE = Automatic;
				DEVELOPMENT_TEAM = A272626J38;
				INFOPLIST_FILE = "WebShellExample-iOSUITests/Info.plist";
				IPHONEOS_DEPLOYMENT_TARGET = 11.2;
				LD_RUNPATH_SEARCH_PATHS = "$(inherited) @executable_path/Frameworks @loader_path/Frameworks";
				PRODUCT_BUNDLE_IDENTIFIER = "com.ascp.WebShellExample-iOSUITests";
				PRODUCT_NAME = "$(TARGET_NAME)";
				SDKROOT = iphoneos;
				SWIFT_VERSION = 4.0;
				TARGETED_DEVICE_FAMILY = "1,2";
				TEST_TARGET_NAME = "WebShellExample-iOS";
			};
			name = Debug;
		};
		277C84892047971E00D7B2B1 /* Release */ = {
			isa = XCBuildConfiguration;
			buildSettings = {
				ALWAYS_EMBED_SWIFT_STANDARD_LIBRARIES = YES;
				CODE_SIGN_IDENTITY = "iPhone Developer";
				CODE_SIGN_STYLE = Automatic;
				DEVELOPMENT_TEAM = A272626J38;
				INFOPLIST_FILE = "WebShellExample-iOSUITests/Info.plist";
				IPHONEOS_DEPLOYMENT_TARGET = 11.2;
				LD_RUNPATH_SEARCH_PATHS = "$(inherited) @executable_path/Frameworks @loader_path/Frameworks";
				PRODUCT_BUNDLE_IDENTIFIER = "com.ascp.WebShellExample-iOSUITests";
				PRODUCT_NAME = "$(TARGET_NAME)";
				SDKROOT = iphoneos;
				SWIFT_VERSION = 4.0;
				TARGETED_DEVICE_FAMILY = "1,2";
				TEST_TARGET_NAME = "WebShellExample-iOS";
				VALIDATE_PRODUCT = YES;
			};
			name = Release;
		};
		27C9DBD4204146A100A87E9E /* Debug */ = {
			isa = XCBuildConfiguration;
			buildSettings = {
				CODE_SIGN_IDENTITY = "";
				CODE_SIGN_STYLE = Automatic;
				COMBINE_HIDPI_IMAGES = YES;
				CURRENT_PROJECT_VERSION = 1;
				DEFINES_MODULE = YES;
				DEVELOPMENT_TEAM = A272626J38;
				DYLIB_COMPATIBILITY_VERSION = 1;
				DYLIB_CURRENT_VERSION = 1;
				DYLIB_INSTALL_NAME_BASE = "@rpath";
				FRAMEWORK_VERSION = A;
				INFOPLIST_FILE = WebShell/Info.plist;
				INSTALL_PATH = "$(LOCAL_LIBRARY_DIR)/Frameworks";
				LD_RUNPATH_SEARCH_PATHS = "$(inherited) @executable_path/../Frameworks @loader_path/Frameworks";
				PRODUCT_BUNDLE_IDENTIFIER = com.ascp.WebShell;
				PRODUCT_NAME = "$(TARGET_NAME:c99extidentifier)";
				SKIP_INSTALL = YES;
				SUPPORTED_PLATFORMS = macosx;
				SWIFT_VERSION = 4.0;
				VALID_ARCHS = "i386 x86_64 arm64 armv7 armv7s";
				VERSIONING_SYSTEM = "apple-generic";
				VERSION_INFO_PREFIX = "";
			};
			name = Debug;
		};
		27C9DBD5204146A100A87E9E /* Release */ = {
			isa = XCBuildConfiguration;
			buildSettings = {
				CODE_SIGN_IDENTITY = "";
				CODE_SIGN_STYLE = Automatic;
				COMBINE_HIDPI_IMAGES = YES;
				CURRENT_PROJECT_VERSION = 1;
				DEFINES_MODULE = YES;
				DEVELOPMENT_TEAM = A272626J38;
				DYLIB_COMPATIBILITY_VERSION = 1;
				DYLIB_CURRENT_VERSION = 1;
				DYLIB_INSTALL_NAME_BASE = "@rpath";
				FRAMEWORK_VERSION = A;
				INFOPLIST_FILE = WebShell/Info.plist;
				INSTALL_PATH = "$(LOCAL_LIBRARY_DIR)/Frameworks";
				LD_RUNPATH_SEARCH_PATHS = "$(inherited) @executable_path/../Frameworks @loader_path/Frameworks";
				PRODUCT_BUNDLE_IDENTIFIER = com.ascp.WebShell;
				PRODUCT_NAME = "$(TARGET_NAME:c99extidentifier)";
				SKIP_INSTALL = YES;
				SUPPORTED_PLATFORMS = macosx;
				SWIFT_VERSION = 4.0;
				VALID_ARCHS = "i386 x86_64 arm64 armv7 armv7s";
				VERSIONING_SYSTEM = "apple-generic";
				VERSION_INFO_PREFIX = "";
			};
			name = Release;
		};
		27C9DBD8204146A100A87E9E /* Debug */ = {
			isa = XCBuildConfiguration;
			buildSettings = {
				ALWAYS_EMBED_SWIFT_STANDARD_LIBRARIES = YES;
				CODE_SIGN_STYLE = Automatic;
				COMBINE_HIDPI_IMAGES = YES;
				DEVELOPMENT_TEAM = A272626J38;
				INFOPLIST_FILE = WebShellTests/Info.plist;
				LD_RUNPATH_SEARCH_PATHS = "$(inherited) @executable_path/../Frameworks @loader_path/../Frameworks";
				PRODUCT_BUNDLE_IDENTIFIER = com.ascp.WebShellTests;
				PRODUCT_NAME = "$(TARGET_NAME)";
				SWIFT_VERSION = 4.0;
				TEST_HOST = "$(BUILT_PRODUCTS_DIR)/WebShellExsample.app/Contents/MacOS/WebShellExsample";
			};
			name = Debug;
		};
		27C9DBD9204146A100A87E9E /* Release */ = {
			isa = XCBuildConfiguration;
			buildSettings = {
				ALWAYS_EMBED_SWIFT_STANDARD_LIBRARIES = YES;
				CODE_SIGN_STYLE = Automatic;
				COMBINE_HIDPI_IMAGES = YES;
				DEVELOPMENT_TEAM = A272626J38;
				INFOPLIST_FILE = WebShellTests/Info.plist;
				LD_RUNPATH_SEARCH_PATHS = "$(inherited) @executable_path/../Frameworks @loader_path/../Frameworks";
				PRODUCT_BUNDLE_IDENTIFIER = com.ascp.WebShellTests;
				PRODUCT_NAME = "$(TARGET_NAME)";
				SWIFT_VERSION = 4.0;
				TEST_HOST = "$(BUILT_PRODUCTS_DIR)/WebShellExsample.app/Contents/MacOS/WebShellExsample";
			};
			name = Release;
		};
/* End XCBuildConfiguration section */

/* Begin XCConfigurationList section */
		27448B1E20170ABA001FC925 /* Build configuration list for PBXProject "WebShellExsample" */ = {
			isa = XCConfigurationList;
			buildConfigurations = (
				27448B4720170ABA001FC925 /* Debug */,
				27448B4820170ABA001FC925 /* Release */,
			);
			defaultConfigurationIsVisible = 0;
			defaultConfigurationName = Release;
		};
		27448B4920170ABA001FC925 /* Build configuration list for PBXNativeTarget "WebShellExsample" */ = {
			isa = XCConfigurationList;
			buildConfigurations = (
				27448B4A20170ABA001FC925 /* Debug */,
				27448B4B20170ABA001FC925 /* Release */,
			);
			defaultConfigurationIsVisible = 0;
			defaultConfigurationName = Release;
		};
		27448B4C20170ABA001FC925 /* Build configuration list for PBXNativeTarget "WebShellExsampleTests" */ = {
			isa = XCConfigurationList;
			buildConfigurations = (
				27448B4D20170ABA001FC925 /* Debug */,
				27448B4E20170ABA001FC925 /* Release */,
			);
			defaultConfigurationIsVisible = 0;
			defaultConfigurationName = Release;
		};
		27448B4F20170ABA001FC925 /* Build configuration list for PBXNativeTarget "WebShellExsampleUITests" */ = {
			isa = XCConfigurationList;
			buildConfigurations = (
				27448B5020170ABA001FC925 /* Debug */,
				27448B5120170ABA001FC925 /* Release */,
			);
			defaultConfigurationIsVisible = 0;
			defaultConfigurationName = Release;
		};
		277C84442046A45B00D7B2B1 /* Build configuration list for PBXNativeTarget "WebShell-iOS" */ = {
			isa = XCConfigurationList;
			buildConfigurations = (
				277C84452046A45B00D7B2B1 /* Debug */,
				277C84462046A45B00D7B2B1 /* Release */,
			);
			defaultConfigurationIsVisible = 0;
			defaultConfigurationName = Release;
		};
		277C84812047971E00D7B2B1 /* Build configuration list for PBXNativeTarget "WebShellExample-iOS" */ = {
			isa = XCConfigurationList;
			buildConfigurations = (
				277C84822047971E00D7B2B1 /* Debug */,
				277C84832047971E00D7B2B1 /* Release */,
			);
			defaultConfigurationIsVisible = 0;
			defaultConfigurationName = Release;
		};
		277C84842047971E00D7B2B1 /* Build configuration list for PBXNativeTarget "WebShellExample-iOSTests" */ = {
			isa = XCConfigurationList;
			buildConfigurations = (
				277C84852047971E00D7B2B1 /* Debug */,
				277C84862047971E00D7B2B1 /* Release */,
			);
			defaultConfigurationIsVisible = 0;
			defaultConfigurationName = Release;
		};
		277C84872047971E00D7B2B1 /* Build configuration list for PBXNativeTarget "WebShellExample-iOSUITests" */ = {
			isa = XCConfigurationList;
			buildConfigurations = (
				277C84882047971E00D7B2B1 /* Debug */,
				277C84892047971E00D7B2B1 /* Release */,
			);
			defaultConfigurationIsVisible = 0;
			defaultConfigurationName = Release;
		};
		27C9DBD3204146A100A87E9E /* Build configuration list for PBXNativeTarget "WebShell" */ = {
			isa = XCConfigurationList;
			buildConfigurations = (
				27C9DBD4204146A100A87E9E /* Debug */,
				27C9DBD5204146A100A87E9E /* Release */,
			);
			defaultConfigurationIsVisible = 0;
			defaultConfigurationName = Release;
		};
		27C9DBD7204146A100A87E9E /* Build configuration list for PBXNativeTarget "WebShellTests" */ = {
			isa = XCConfigurationList;
			buildConfigurations = (
				27C9DBD8204146A100A87E9E /* Debug */,
				27C9DBD9204146A100A87E9E /* Release */,
			);
			defaultConfigurationIsVisible = 0;
			defaultConfigurationName = Release;
		};
/* End XCConfigurationList section */
	};
	rootObject = 27448B1B20170ABA001FC925 /* Project object */;
}
