// !$*UTF8*$!
{
	archiveVersion = 1;
	classes = {
	};
	objectVersion = 52;
	objects = {

/* Begin PBXBuildFile section */
		24E60F1921D66181007AB419 /* WebShellCoreTests.swift in Sources */ = {isa = PBXBuildFile; fileRef = 24E60F1821D66181007AB419 /* WebShellCoreTests.swift */; };
		27448B2720170ABA001FC925 /* AppDelegate.swift in Sources */ = {isa = PBXBuildFile; fileRef = 27448B2620170ABA001FC925 /* AppDelegate.swift */; };
		27448B2920170ABA001FC925 /* ViewController.swift in Sources */ = {isa = PBXBuildFile; fileRef = 27448B2820170ABA001FC925 /* ViewController.swift */; };
		27448B2B20170ABA001FC925 /* Assets.xcassets in Resources */ = {isa = PBXBuildFile; fileRef = 27448B2A20170ABA001FC925 /* Assets.xcassets */; };
		27448B2E20170ABA001FC925 /* Main.storyboard in Resources */ = {isa = PBXBuildFile; fileRef = 27448B2C20170ABA001FC925 /* Main.storyboard */; };
		524FEB9D2A7D570C00632315 /* WebShell in Frameworks */ = {isa = PBXBuildFile; productRef = 524FEB9C2A7D570C00632315 /* WebShell */; };
/* End PBXBuildFile section */

/* Begin PBXContainerItemProxy section */
		24E60F3721D663F5007AB419 /* PBXContainerItemProxy */ = {
			isa = PBXContainerItemProxy;
			containerPortal = 27448B1B20170ABA001FC925 /* Project object */;
			proxyType = 1;
			remoteGlobalIDString = 27448B2220170ABA001FC925;
			remoteInfo = WebShellExsample;
		};
/* End PBXContainerItemProxy section */

/* Begin PBXCopyFilesBuildPhase section */
		635FEE1325528D3500FEE0FD /* Embed Frameworks */ = {
			isa = PBXCopyFilesBuildPhase;
			buildActionMask = 2147483647;
			dstPath = "";
			dstSubfolderSpec = 10;
			files = (
			);
			name = "Embed Frameworks";
			runOnlyForDeploymentPostprocessing = 0;
		};
/* End PBXCopyFilesBuildPhase section */

/* Begin PBXFileReference section */
		24113A3C2371D95C00AEDEAA /* README.md */ = {isa = PBXFileReference; fileEncoding = 4; lastKnownFileType = net.daringfireball.markdown; path = README.md; sourceTree = "<group>"; };
		242C07222371E8480037D3C2 /* LinuxMain.swift */ = {isa = PBXFileReference; fileEncoding = 4; lastKnownFileType = sourcecode.swift; path = LinuxMain.swift; sourceTree = "<group>"; };
		246FF0F6228A6F2500B8BE0B /* WebShellExsample.entitlements */ = {isa = PBXFileReference; lastKnownFileType = text.plist.entitlements; path = WebShellExsample.entitlements; sourceTree = "<group>"; };
		24E60F1621D66180007AB419 /* WebShellCoreTests.xctest */ = {isa = PBXFileReference; explicitFileType = wrapper.cfbundle; includeInIndex = 0; path = WebShellCoreTests.xctest; sourceTree = BUILT_PRODUCTS_DIR; };
		24E60F1821D66181007AB419 /* WebShellCoreTests.swift */ = {isa = PBXFileReference; lastKnownFileType = sourcecode.swift; path = WebShellCoreTests.swift; sourceTree = "<group>"; };
		24E60F1A21D66181007AB419 /* Info.plist */ = {isa = PBXFileReference; lastKnownFileType = text.plist.xml; path = Info.plist; sourceTree = "<group>"; };
		27448B2320170ABA001FC925 /* WebShellExsample.app */ = {isa = PBXFileReference; explicitFileType = wrapper.application; includeInIndex = 0; path = WebShellExsample.app; sourceTree = BUILT_PRODUCTS_DIR; };
		27448B2620170ABA001FC925 /* AppDelegate.swift */ = {isa = PBXFileReference; lastKnownFileType = sourcecode.swift; path = AppDelegate.swift; sourceTree = "<group>"; };
		27448B2820170ABA001FC925 /* ViewController.swift */ = {isa = PBXFileReference; lastKnownFileType = sourcecode.swift; path = ViewController.swift; sourceTree = "<group>"; };
		27448B2A20170ABA001FC925 /* Assets.xcassets */ = {isa = PBXFileReference; lastKnownFileType = folder.assetcatalog; path = Assets.xcassets; sourceTree = "<group>"; };
		27448B2D20170ABA001FC925 /* Base */ = {isa = PBXFileReference; lastKnownFileType = file.storyboard; name = Base; path = Base.lproj/Main.storyboard; sourceTree = "<group>"; };
		27448B2F20170ABA001FC925 /* Info.plist */ = {isa = PBXFileReference; lastKnownFileType = text.plist.xml; path = Info.plist; sourceTree = "<group>"; };
		27448B3020170ABA001FC925 /* CCCHOOO.entitlements */ = {isa = PBXFileReference; lastKnownFileType = text.plist.entitlements; path = CCCHOOO.entitlements; sourceTree = "<group>"; };
		27C9DBBE204146A100A87E9E /* WebShell.h */ = {isa = PBXFileReference; lastKnownFileType = sourcecode.c.h; path = WebShell.h; sourceTree = "<group>"; };
		27C9DBBF204146A100A87E9E /* Info.plist */ = {isa = PBXFileReference; lastKnownFileType = text.plist.xml; path = Info.plist; sourceTree = "<group>"; };
		524FEB9B2A7D56CB00632315 /* WebShell */ = {isa = PBXFileReference; lastKnownFileType = wrapper; name = WebShell; sourceTree = "<group>"; };
		52DED82429D5420F001DE51B /* webshell.png */ = {isa = PBXFileReference; lastKnownFileType = image.png; path = webshell.png; sourceTree = "<group>"; };
/* End PBXFileReference section */

/* Begin PBXFrameworksBuildPhase section */
		24E60F1321D66180007AB419 /* Frameworks */ = {
			isa = PBXFrameworksBuildPhase;
			buildActionMask = 2147483647;
			files = (
			);
			runOnlyForDeploymentPostprocessing = 0;
		};
		27448B2020170ABA001FC925 /* Frameworks */ = {
			isa = PBXFrameworksBuildPhase;
			buildActionMask = 2147483647;
			files = (
				524FEB9D2A7D570C00632315 /* WebShell in Frameworks */,
			);
			runOnlyForDeploymentPostprocessing = 0;
		};
/* End PBXFrameworksBuildPhase section */

/* Begin PBXGroup section */
		24113A3F2371DB9F00AEDEAA /* Tests */ = {
			isa = PBXGroup;
			children = (
				242C07222371E8480037D3C2 /* LinuxMain.swift */,
				24E60F1721D66181007AB419 /* WebShellCoreTests */,
			);
			path = Tests;
			sourceTree = "<group>";
		};
		24E60F1721D66181007AB419 /* WebShellCoreTests */ = {
			isa = PBXGroup;
			children = (
				24E60F1821D66181007AB419 /* WebShellCoreTests.swift */,
				24E60F1A21D66181007AB419 /* Info.plist */,
			);
			path = WebShellCoreTests;
			sourceTree = "<group>";
		};
		27448B1A20170ABA001FC925 = {
			isa = PBXGroup;
			children = (
				524FEB9A2A7D56CB00632315 /* Packages */,
				52DED82329D53BFB001DE51B /* Doc */,
				27448B2520170ABA001FC925 /* CCCHOOO */,
				27C9DBBD204146A100A87E9E /* WebShell */,
				24113A3F2371DB9F00AEDEAA /* Tests */,
				24113A3C2371D95C00AEDEAA /* README.md */,
				246FF0F6228A6F2500B8BE0B /* WebShellExsample.entitlements */,
				27448B2420170ABA001FC925 /* Products */,
				635FEE0E25528D3500FEE0FD /* Frameworks */,
			);
			sourceTree = "<group>";
		};
		27448B2420170ABA001FC925 /* Products */ = {
			isa = PBXGroup;
			children = (
				27448B2320170ABA001FC925 /* WebShellExsample.app */,
				24E60F1621D66180007AB419 /* WebShellCoreTests.xctest */,
			);
			name = Products;
			sourceTree = "<group>";
		};
		27448B2520170ABA001FC925 /* CCCHOOO */ = {
			isa = PBXGroup;
			children = (
				27448B2620170ABA001FC925 /* AppDelegate.swift */,
				27448B2820170ABA001FC925 /* ViewController.swift */,
				27448B2A20170ABA001FC925 /* Assets.xcassets */,
				27448B2C20170ABA001FC925 /* Main.storyboard */,
				27448B2F20170ABA001FC925 /* Info.plist */,
				27448B3020170ABA001FC925 /* CCCHOOO.entitlements */,
			);
			path = CCCHOOO;
			sourceTree = "<group>";
		};
		27C9DBBD204146A100A87E9E /* WebShell */ = {
			isa = PBXGroup;
			children = (
				27C9DBBE204146A100A87E9E /* WebShell.h */,
				27C9DBBF204146A100A87E9E /* Info.plist */,
			);
			path = WebShell;
			sourceTree = "<group>";
		};
		524FEB9A2A7D56CB00632315 /* Packages */ = {
			isa = PBXGroup;
			children = (
				524FEB9B2A7D56CB00632315 /* WebShell */,
			);
			name = Packages;
			sourceTree = "<group>";
		};
		52DED82329D53BFB001DE51B /* Doc */ = {
			isa = PBXGroup;
			children = (
				52DED82429D5420F001DE51B /* webshell.png */,
			);
			path = Doc;
			sourceTree = "<group>";
		};
		635FEE0E25528D3500FEE0FD /* Frameworks */ = {
			isa = PBXGroup;
			children = (
			);
			name = Frameworks;
			sourceTree = "<group>";
		};
/* End PBXGroup section */

/* Begin PBXNativeTarget section */
		24E60F1521D66180007AB419 /* WebShellCoreTests */ = {
			isa = PBXNativeTarget;
			buildConfigurationList = 24E60F1E21D66181007AB419 /* Build configuration list for PBXNativeTarget "WebShellCoreTests" */;
			buildPhases = (
				24E60F1221D66180007AB419 /* Sources */,
				24E60F1321D66180007AB419 /* Frameworks */,
				24E60F1421D66180007AB419 /* Resources */,
			);
			buildRules = (
			);
			dependencies = (
				24E60F3821D663F5007AB419 /* PBXTargetDependency */,
			);
			name = WebShellCoreTests;
			productName = WebShellCoreTests;
			productReference = 24E60F1621D66180007AB419 /* WebShellCoreTests.xctest */;
			productType = "com.apple.product-type.bundle.unit-test";
		};
		27448B2220170ABA001FC925 /* WebShellExsample */ = {
			isa = PBXNativeTarget;
			buildConfigurationList = 27448B4920170ABA001FC925 /* Build configuration list for PBXNativeTarget "WebShellExsample" */;
			buildPhases = (
				27448B1F20170ABA001FC925 /* Sources */,
				27448B2020170ABA001FC925 /* Frameworks */,
				27448B2120170ABA001FC925 /* Resources */,
				635FEE1325528D3500FEE0FD /* Embed Frameworks */,
			);
			buildRules = (
			);
			dependencies = (
			);
			name = WebShellExsample;
			packageProductDependencies = (
				524FEB9C2A7D570C00632315 /* WebShell */,
			);
			productName = CCCHOOO;
			productReference = 27448B2320170ABA001FC925 /* WebShellExsample.app */;
			productType = "com.apple.product-type.application";
		};
/* End PBXNativeTarget section */

/* Begin PBXProject section */
		27448B1B20170ABA001FC925 /* Project object */ = {
			isa = PBXProject;
			attributes = {
				LastSwiftUpdateCheck = 1010;
				LastUpgradeCheck = 1420;
				ORGANIZATIONNAME = ascp;
				TargetAttributes = {
					24E60F1521D66180007AB419 = {
						CreatedOnToolsVersion = 10.1;
						LastSwiftMigration = 1020;
						ProvisioningStyle = Automatic;
					};
					27448B2220170ABA001FC925 = {
						CreatedOnToolsVersion = 9.2;
						LastSwiftMigration = 1020;
						ProvisioningStyle = Automatic;
						SystemCapabilities = {
							com.apple.Sandbox = {
								enabled = 1;
							};
						};
					};
				};
			};
			buildConfigurationList = 27448B1E20170ABA001FC925 /* Build configuration list for PBXProject "WebShellExsample" */;
			compatibilityVersion = "Xcode 8.0";
			developmentRegion = en;
			hasScannedForEncodings = 0;
			knownRegions = (
				en,
				Base,
			);
			mainGroup = 27448B1A20170ABA001FC925;
			packageReferences = (
			);
			productRefGroup = 27448B2420170ABA001FC925 /* Products */;
			projectDirPath = "";
			projectRoot = "";
			targets = (
				27448B2220170ABA001FC925 /* WebShellExsample */,
				24E60F1521D66180007AB419 /* WebShellCoreTests */,
			);
		};
/* End PBXProject section */

/* Begin PBXResourcesBuildPhase section */
		24E60F1421D66180007AB419 /* Resources */ = {
			isa = PBXResourcesBuildPhase;
			buildActionMask = 2147483647;
			files = (
			);
			runOnlyForDeploymentPostprocessing = 0;
		};
		27448B2120170ABA001FC925 /* Resources */ = {
			isa = PBXResourcesBuildPhase;
			buildActionMask = 2147483647;
			files = (
				27448B2B20170ABA001FC925 /* Assets.xcassets in Resources */,
				27448B2E20170ABA001FC925 /* Main.storyboard in Resources */,
			);
			runOnlyForDeploymentPostprocessing = 0;
		};
/* End PBXResourcesBuildPhase section */

/* Begin PBXSourcesBuildPhase section */
		24E60F1221D66180007AB419 /* Sources */ = {
			isa = PBXSourcesBuildPhase;
			buildActionMask = 2147483647;
			files = (
				24E60F1921D66181007AB419 /* WebShellCoreTests.swift in Sources */,
			);
			runOnlyForDeploymentPostprocessing = 0;
		};
		27448B1F20170ABA001FC925 /* Sources */ = {
			isa = PBXSourcesBuildPhase;
			buildActionMask = 2147483647;
			files = (
				27448B2920170ABA001FC925 /* ViewController.swift in Sources */,
				27448B2720170ABA001FC925 /* AppDelegate.swift in Sources */,
			);
			runOnlyForDeploymentPostprocessing = 0;
		};
/* End PBXSourcesBuildPhase section */

/* Begin PBXTargetDependency section */
		24E60F3821D663F5007AB419 /* PBXTargetDependency */ = {
			isa = PBXTargetDependency;
			target = 27448B2220170ABA001FC925 /* WebShellExsample */;
			targetProxy = 24E60F3721D663F5007AB419 /* PBXContainerItemProxy */;
		};
/* End PBXTargetDependency section */

/* Begin PBXVariantGroup section */
		27448B2C20170ABA001FC925 /* Main.storyboard */ = {
			isa = PBXVariantGroup;
			children = (
				27448B2D20170ABA001FC925 /* Base */,
			);
			name = Main.storyboard;
			sourceTree = "<group>";
		};
/* End PBXVariantGroup section */

/* Begin XCBuildConfiguration section */
		24E60F1F21D66181007AB419 /* Debug */ = {
			isa = XCBuildConfiguration;
			buildSettings = {
				CLANG_ENABLE_OBJC_WEAK = YES;
				CODE_SIGN_STYLE = Automatic;
				COMBINE_HIDPI_IMAGES = YES;
				DEAD_CODE_STRIPPING = YES;
				DEVELOPMENT_TEAM = E6NP67H473;
				INFOPLIST_FILE = WebShellCoreTests/Info.plist;
				LD_RUNPATH_SEARCH_PATHS = (
					"$(inherited)",
					"@executable_path/../Frameworks",
					"@loader_path/../Frameworks",
				);
				MTL_ENABLE_DEBUG_INFO = INCLUDE_SOURCE;
				MTL_FAST_MATH = YES;
				PRODUCT_BUNDLE_IDENTIFIER = com.ascp.WebShellCoreTests;
				PRODUCT_NAME = "$(TARGET_NAME)";
				SWIFT_VERSION = 5.0;
			};
			name = Debug;
		};
		24E60F2021D66181007AB419 /* Release */ = {
			isa = XCBuildConfiguration;
			buildSettings = {
				CLANG_ENABLE_OBJC_WEAK = YES;
				CODE_SIGN_STYLE = Automatic;
				COMBINE_HIDPI_IMAGES = YES;
				DEAD_CODE_STRIPPING = YES;
				DEVELOPMENT_TEAM = E6NP67H473;
				INFOPLIST_FILE = WebShellCoreTests/Info.plist;
				LD_RUNPATH_SEARCH_PATHS = (
					"$(inherited)",
					"@executable_path/../Frameworks",
					"@loader_path/../Frameworks",
				);
				MTL_FAST_MATH = YES;
				PRODUCT_BUNDLE_IDENTIFIER = com.ascp.WebShellCoreTests;
				PRODUCT_NAME = "$(TARGET_NAME)";
				SWIFT_VERSION = 5.0;
			};
			name = Release;
		};
		27448B4720170ABA001FC925 /* Debug */ = {
			isa = XCBuildConfiguration;
			buildSettings = {
				ALWAYS_SEARCH_USER_PATHS = NO;
				CLANG_ANALYZER_NONNULL = YES;
				CLANG_ANALYZER_NUMBER_OBJECT_CONVERSION = YES_AGGRESSIVE;
				CLANG_CXX_LANGUAGE_STANDARD = "gnu++14";
				CLANG_CXX_LIBRARY = "libc++";
				CLANG_ENABLE_MODULES = YES;
				CLANG_ENABLE_OBJC_ARC = YES;
				CLANG_WARN_BLOCK_CAPTURE_AUTORELEASING = YES;
				CLANG_WARN_BOOL_CONVERSION = YES;
				CLANG_WARN_COMMA = YES;
				CLANG_WARN_CONSTANT_CONVERSION = YES;
				CLANG_WARN_DEPRECATED_OBJC_IMPLEMENTATIONS = YES;
				CLANG_WARN_DIRECT_OBJC_ISA_USAGE = YES_ERROR;
				CLANG_WARN_DOCUMENTATION_COMMENTS = YES;
				CLANG_WARN_EMPTY_BODY = YES;
				CLANG_WARN_ENUM_CONVERSION = YES;
				CLANG_WARN_INFINITE_RECURSION = YES;
				CLANG_WARN_INT_CONVERSION = YES;
				CLANG_WARN_NON_LITERAL_NULL_CONVERSION = YES;
				CLANG_WARN_OBJC_IMPLICIT_RETAIN_SELF = YES;
				CLANG_WARN_OBJC_LITERAL_CONVERSION = YES;
				CLANG_WARN_OBJC_ROOT_CLASS = YES_ERROR;
				CLANG_WARN_QUOTED_INCLUDE_IN_FRAMEWORK_HEADER = YES;
				CLANG_WARN_RANGE_LOOP_ANALYSIS = YES;
				CLANG_WARN_STRICT_PROTOTYPES = YES;
				CLANG_WARN_SUSPICIOUS_MOVE = YES;
				CLANG_WARN_UNGUARDED_AVAILABILITY = YES_AGGRESSIVE;
				CLANG_WARN_UNREACHABLE_CODE = YES;
				CLANG_WARN__DUPLICATE_METHOD_MATCH = YES;
				CODE_SIGN_IDENTITY = "Mac Developer";
				COPY_PHASE_STRIP = NO;
				DEAD_CODE_STRIPPING = YES;
				DEBUG_INFORMATION_FORMAT = dwarf;
				ENABLE_STRICT_OBJC_MSGSEND = YES;
				ENABLE_TESTABILITY = YES;
				GCC_C_LANGUAGE_STANDARD = gnu11;
				GCC_DYNAMIC_NO_PIC = NO;
				GCC_NO_COMMON_BLOCKS = YES;
				GCC_OPTIMIZATION_LEVEL = 0;
				GCC_PREPROCESSOR_DEFINITIONS = (
					"DEBUG=1",
					"$(inherited)",
				);
				GCC_WARN_64_TO_32_BIT_CONVERSION = YES;
				GCC_WARN_ABOUT_RETURN_TYPE = YES_ERROR;
				GCC_WARN_UNDECLARED_SELECTOR = YES;
				GCC_WARN_UNINITIALIZED_AUTOS = YES_AGGRESSIVE;
				GCC_WARN_UNUSED_FUNCTION = YES;
				GCC_WARN_UNUSED_VARIABLE = YES;
				IPHONEOS_DEPLOYMENT_TARGET = 12.0;
				MACOSX_DEPLOYMENT_TARGET = 10.15;
				MTL_ENABLE_DEBUG_INFO = YES;
				ONLY_ACTIVE_ARCH = YES;
				SDKROOT = macosx;
				SWIFT_ACTIVE_COMPILATION_CONDITIONS = DEBUG;
				SWIFT_OPTIMIZATION_LEVEL = "-Onone";
				SWIFT_VERSION = 4.2;
			};
			name = Debug;
		};
		27448B4820170ABA001FC925 /* Release */ = {
			isa = XCBuildConfiguration;
			buildSettings = {
				ALWAYS_SEARCH_USER_PATHS = NO;
				CLANG_ANALYZER_NONNULL = YES;
				CLANG_ANALYZER_NUMBER_OBJECT_CONVERSION = YES_AGGRESSIVE;
				CLANG_CXX_LANGUAGE_STANDARD = "gnu++14";
				CLANG_CXX_LIBRARY = "libc++";
				CLANG_ENABLE_MODULES = YES;
				CLANG_ENABLE_OBJC_ARC = YES;
				CLANG_WARN_BLOCK_CAPTURE_AUTORELEASING = YES;
				CLANG_WARN_BOOL_CONVERSION = YES;
				CLANG_WARN_COMMA = YES;
				CLANG_WARN_CONSTANT_CONVERSION = YES;
				CLANG_WARN_DEPRECATED_OBJC_IMPLEMENTATIONS = YES;
				CLANG_WARN_DIRECT_OBJC_ISA_USAGE = YES_ERROR;
				CLANG_WARN_DOCUMENTATION_COMMENTS = YES;
				CLANG_WARN_EMPTY_BODY = YES;
				CLANG_WARN_ENUM_CONVERSION = YES;
				CLANG_WARN_INFINITE_RECURSION = YES;
				CLANG_WARN_INT_CONVERSION = YES;
				CLANG_WARN_NON_LITERAL_NULL_CONVERSION = YES;
				CLANG_WARN_OBJC_IMPLICIT_RETAIN_SELF = YES;
				CLANG_WARN_OBJC_LITERAL_CONVERSION = YES;
				CLANG_WARN_OBJC_ROOT_CLASS = YES_ERROR;
				CLANG_WARN_QUOTED_INCLUDE_IN_FRAMEWORK_HEADER = YES;
				CLANG_WARN_RANGE_LOOP_ANALYSIS = YES;
				CLANG_WARN_STRICT_PROTOTYPES = YES;
				CLANG_WARN_SUSPICIOUS_MOVE = YES;
				CLANG_WARN_UNGUARDED_AVAILABILITY = YES_AGGRESSIVE;
				CLANG_WARN_UNREACHABLE_CODE = YES;
				CLANG_WARN__DUPLICATE_METHOD_MATCH = YES;
				CODE_SIGN_IDENTITY = "Mac Developer";
				COPY_PHASE_STRIP = NO;
				DEAD_CODE_STRIPPING = YES;
				DEBUG_INFORMATION_FORMAT = "dwarf-with-dsym";
				ENABLE_NS_ASSERTIONS = NO;
				ENABLE_STRICT_OBJC_MSGSEND = YES;
				GCC_C_LANGUAGE_STANDARD = gnu11;
				GCC_NO_COMMON_BLOCKS = YES;
				GCC_WARN_64_TO_32_BIT_CONVERSION = YES;
				GCC_WARN_ABOUT_RETURN_TYPE = YES_ERROR;
				GCC_WARN_UNDECLARED_SELECTOR = YES;
				GCC_WARN_UNINITIALIZED_AUTOS = YES_AGGRESSIVE;
				GCC_WARN_UNUSED_FUNCTION = YES;
				GCC_WARN_UNUSED_VARIABLE = YES;
				IPHONEOS_DEPLOYMENT_TARGET = 12.0;
				MACOSX_DEPLOYMENT_TARGET = 10.15;
				MTL_ENABLE_DEBUG_INFO = NO;
				SDKROOT = macosx;
				SWIFT_COMPILATION_MODE = wholemodule;
				SWIFT_OPTIMIZATION_LEVEL = "-O";
				SWIFT_VERSION = 4.2;
			};
			name = Release;
		};
		27448B4A20170ABA001FC925 /* Debug */ = {
			isa = XCBuildConfiguration;
			buildSettings = {
				ASSETCATALOG_COMPILER_APPICON_NAME = AppIcon;
				CODE_SIGN_ENTITLEMENTS = WebShellExsample.entitlements;
				CODE_SIGN_IDENTITY = "-";
				CODE_SIGN_STYLE = Automatic;
				COMBINE_HIDPI_IMAGES = YES;
				DEAD_CODE_STRIPPING = YES;
				DEVELOPMENT_TEAM = A272626J38;
				INFOPLIST_FILE = CCCHOOO/Info.plist;
				LD_RUNPATH_SEARCH_PATHS = (
					"$(inherited)",
					"@executable_path/../Frameworks",
				);
				PRODUCT_BUNDLE_IDENTIFIER = com.ascp.CCCHOOO;
				PRODUCT_NAME = "$(TARGET_NAME)";
				SWIFT_VERSION = 5.0;
			};
			name = Debug;
		};
		27448B4B20170ABA001FC925 /* Release */ = {
			isa = XCBuildConfiguration;
			buildSettings = {
				ASSETCATALOG_COMPILER_APPICON_NAME = AppIcon;
				CODE_SIGN_ENTITLEMENTS = WebShellExsample.entitlements;
				CODE_SIGN_IDENTITY = "-";
				CODE_SIGN_STYLE = Automatic;
				COMBINE_HIDPI_IMAGES = YES;
				DEAD_CODE_STRIPPING = YES;
				DEVELOPMENT_TEAM = A272626J38;
				INFOPLIST_FILE = CCCHOOO/Info.plist;
				LD_RUNPATH_SEARCH_PATHS = (
					"$(inherited)",
					"@executable_path/../Frameworks",
				);
				PRODUCT_BUNDLE_IDENTIFIER = com.ascp.CCCHOOO;
				PRODUCT_NAME = "$(TARGET_NAME)";
				SWIFT_VERSION = 5.0;
			};
			name = Release;
		};
/* End XCBuildConfiguration section */

/* Begin XCConfigurationList section */
		24E60F1E21D66181007AB419 /* Build configuration list for PBXNativeTarget "WebShellCoreTests" */ = {
			isa = XCConfigurationList;
			buildConfigurations = (
				24E60F1F21D66181007AB419 /* Debug */,
				24E60F2021D66181007AB419 /* Release */,
			);
			defaultConfigurationIsVisible = 0;
			defaultConfigurationName = Release;
		};
		27448B1E20170ABA001FC925 /* Build configuration list for PBXProject "WebShellExsample" */ = {
			isa = XCConfigurationList;
			buildConfigurations = (
				27448B4720170ABA001FC925 /* Debug */,
				27448B4820170ABA001FC925 /* Release */,
			);
			defaultConfigurationIsVisible = 0;
			defaultConfigurationName = Release;
		};
		27448B4920170ABA001FC925 /* Build configuration list for PBXNativeTarget "WebShellExsample" */ = {
			isa = XCConfigurationList;
			buildConfigurations = (
				27448B4A20170ABA001FC925 /* Debug */,
				27448B4B20170ABA001FC925 /* Release */,
			);
			defaultConfigurationIsVisible = 0;
			defaultConfigurationName = Release;
		};
/* End XCConfigurationList section */

/* Begin XCSwiftPackageProductDependency section */
		524FEB9C2A7D570C00632315 /* WebShell */ = {
			isa = XCSwiftPackageProductDependency;
			productName = WebShell;
		};
/* End XCSwiftPackageProductDependency section */
	};
	rootObject = 27448B1B20170ABA001FC925 /* Project object */;
}
