{
  "originHash" : "494c8134a381e260a27e97001c697249fa77a542366e0c1d1291d5ce0ebfb010",
  "pins" : [
    {
      "identity" : "combinex",
      "kind" : "remoteSourceControl",
      "location" : "https://github.com/0xfeedface1993/CombineX.git",
      "state" : {
        "revision" : "f73eee728a7826a2855fabb380300187f42f5649",
        "version" : "0.4.1"
      }
    },
    {
      "identity" : "swift-atomics",
      "kind" : "remoteSourceControl",
      "location" : "https://github.com/apple/swift-atomics.git",
      "state" : {
        "revision" : "6c89474e62719ddcc1e9614989fff2f68208fe10",
        "version" : "1.1.0"
      }
    },
    {
      "identity" : "swift-crypto",
      "kind" : "remoteSourceControl",
      "location" : "https://github.com/apple/swift-crypto.git",
      "state" : {
        "revision" : "bc1c29221f6dfeb0ebbfbc98eb95cd3d4967868e",
        "version" : "3.4.0"
      }
    },
    {
      "identity" : "swift-log",
      "kind" : "remoteSourceControl",
      "location" : "https://github.com/apple/swift-log.git",
      "state" : {
        "revision" : "32e8d724467f8fe623624570367e3d50c5638e46",
        "version" : "1.5.2"
      }
    }
  ],
  "version" : 3
}
